// !$*UTF8*$!
{
	archiveVersion = 1;
	classes = {
	};
	objectVersion = 51;
	objects = {

/* Begin PBXBuildFile section */
		1C11C37125DB0967001BEF00 /* Extension+NotificationName.swift in Sources */ = {isa = PBXBuildFile; fileRef = 1C11C37025DB0967001BEF00 /* Extension+NotificationName.swift */; };
		1C2184DF25B75B800076CD14 /* OnboardingViewController.swift in Sources */ = {isa = PBXBuildFile; fileRef = 1C2184DE25B75B800076CD14 /* OnboardingViewController.swift */; };
		1C2184E425B75C880076CD14 /* Onboarding.storyboard in Resources */ = {isa = PBXBuildFile; fileRef = 1C2184E325B75C880076CD14 /* Onboarding.storyboard */; };
		1C2184EC25B770130076CD14 /* Extension+String.swift in Sources */ = {isa = PBXBuildFile; fileRef = 1C2184EB25B770130076CD14 /* Extension+String.swift */; };
		1C2184F125B8A5590076CD14 /* Extension+UIColor.swift in Sources */ = {isa = PBXBuildFile; fileRef = 1C2184F025B8A5590076CD14 /* Extension+UIColor.swift */; };
		1C21851725B8B7560076CD14 /* PopUp.storyboard in Resources */ = {isa = PBXBuildFile; fileRef = 1C21851625B8B7560076CD14 /* PopUp.storyboard */; };
		1C21851C25B8B7630076CD14 /* PopUpViewController.swift in Sources */ = {isa = PBXBuildFile; fileRef = 1C21851B25B8B7630076CD14 /* PopUpViewController.swift */; };
		1C21852A25B8C3480076CD14 /* Enum+PopUp.swift in Sources */ = {isa = PBXBuildFile; fileRef = 1C21852925B8C3480076CD14 /* Enum+PopUp.swift */; };
		1C31C03225C54FEC00413EBB /* RankingRefreshTableViewCell.swift in Sources */ = {isa = PBXBuildFile; fileRef = 1C31C03025C54FEC00413EBB /* RankingRefreshTableViewCell.swift */; };
		1C31C03325C54FEC00413EBB /* RankingRefreshTableViewCell.xib in Resources */ = {isa = PBXBuildFile; fileRef = 1C31C03125C54FEC00413EBB /* RankingRefreshTableViewCell.xib */; };
		1C31C03525C5B60800413EBB /* FindPasswordViewController.swift in Sources */ = {isa = PBXBuildFile; fileRef = 1C31C03425C5B60800413EBB /* FindPasswordViewController.swift */; };
		1C31C03825C5BA3D00413EBB /* Protocol+LoginValidation.swift in Sources */ = {isa = PBXBuildFile; fileRef = 1C31C03725C5BA3D00413EBB /* Protocol+LoginValidation.swift */; };
		1C31C03A25C5C28C00413EBB /* NickNameViewController.swift in Sources */ = {isa = PBXBuildFile; fileRef = 1C31C03925C5C28C00413EBB /* NickNameViewController.swift */; };
		1C5A68BE25BF25A100F096A9 /* MyRankingTableViewCell.swift in Sources */ = {isa = PBXBuildFile; fileRef = 1C5A68BC25BF25A100F096A9 /* MyRankingTableViewCell.swift */; };
		1C5A68BF25BF25A100F096A9 /* MyRankingTableViewCell.xib in Resources */ = {isa = PBXBuildFile; fileRef = 1C5A68BD25BF25A100F096A9 /* MyRankingTableViewCell.xib */; };
		1C5B0DDB25D428DA008560FA /* Cookie.swift in Sources */ = {isa = PBXBuildFile; fileRef = 1C5B0DDA25D428D9008560FA /* Cookie.swift */; };
		1C5B0E0925D6FDFB008560FA /* Protocol+RefreshCellDelegate.swift in Sources */ = {isa = PBXBuildFile; fileRef = 1C5B0E0825D6FDFB008560FA /* Protocol+RefreshCellDelegate.swift */; };
		1C5B0E0B25D704B0008560FA /* PloggingUserInfo.swift in Sources */ = {isa = PBXBuildFile; fileRef = 1C5B0E0A25D704B0008560FA /* PloggingUserInfo.swift */; };
		1C5B0E1125D95CBB008560FA /* RankingDetailCollectionViewCell.swift in Sources */ = {isa = PBXBuildFile; fileRef = 1C5B0E0F25D95CBB008560FA /* RankingDetailCollectionViewCell.swift */; };
		1C5B0E1225D95CBB008560FA /* RankingDetailCollectionViewCell.xib in Resources */ = {isa = PBXBuildFile; fileRef = 1C5B0E1025D95CBB008560FA /* RankingDetailCollectionViewCell.xib */; };
		1C5B304825A604E100413115 /* APIKey.swift in Sources */ = {isa = PBXBuildFile; fileRef = 1C5B304725A604E100413115 /* APIKey.swift */; };
		1C5B304E25A6079700413115 /* Enum+URL.swift in Sources */ = {isa = PBXBuildFile; fileRef = 1C5B304D25A6079700413115 /* Enum+URL.swift */; };
		1C5B306E25A6A04700413115 /* SNSLoginManager.swift in Sources */ = {isa = PBXBuildFile; fileRef = 1C5B306D25A6A04700413115 /* SNSLoginManager.swift */; };
		1C5C000625C46B31003144B1 /* SignUpViewController.swift in Sources */ = {isa = PBXBuildFile; fileRef = 1C5CFFFF25C46B30003144B1 /* SignUpViewController.swift */; };
		1C5C000725C46B31003144B1 /* LoginViewController.swift in Sources */ = {isa = PBXBuildFile; fileRef = 1C5C000025C46B30003144B1 /* LoginViewController.swift */; };
		1C5C000825C46B31003144B1 /* SNSLoginViewController.swift in Sources */ = {isa = PBXBuildFile; fileRef = 1C5C000125C46B30003144B1 /* SNSLoginViewController.swift */; };
		1C5C000925C46B31003144B1 /* SNSLoginData.swift in Sources */ = {isa = PBXBuildFile; fileRef = 1C5C000325C46B30003144B1 /* SNSLoginData.swift */; };
		1C5C000A25C46B31003144B1 /* SNSLogin.storyboard in Resources */ = {isa = PBXBuildFile; fileRef = 1C5C000525C46B31003144B1 /* SNSLogin.storyboard */; };
		1C5EDBFC25BC6A8400C156A9 /* Enum+Storyboard.swift in Sources */ = {isa = PBXBuildFile; fileRef = 1C5EDBFB25BC6A8400C156A9 /* Enum+Storyboard.swift */; };
		1C88A44D25CC65DD003E979D /* MyPage.storyboard in Resources */ = {isa = PBXBuildFile; fileRef = 1C88A44A25CC65DD003E979D /* MyPage.storyboard */; };
		1C88A44E25CC65DD003E979D /* MyPageViewController.swift in Sources */ = {isa = PBXBuildFile; fileRef = 1C88A44C25CC65DD003E979D /* MyPageViewController.swift */; };
		1C9A3A9D25CDCA5F00668058 /* Protocol+NibLodable.swift in Sources */ = {isa = PBXBuildFile; fileRef = 1C9A3A9C25CDCA5F00668058 /* Protocol+NibLodable.swift */; };
		1C9A3A9F25CDCA7800668058 /* Protocol+ReusableCell.swift in Sources */ = {isa = PBXBuildFile; fileRef = 1C9A3A9E25CDCA7800668058 /* Protocol+ReusableCell.swift */; };
		1C9A3AA125CDCAA400668058 /* Extension+UICollectionView.swift in Sources */ = {isa = PBXBuildFile; fileRef = 1C9A3AA025CDCAA400668058 /* Extension+UICollectionView.swift */; };
		1C9A3AA325CDCAC100668058 /* Extension+UITableView.swift in Sources */ = {isa = PBXBuildFile; fileRef = 1C9A3AA225CDCAC100668058 /* Extension+UITableView.swift */; };
		1CA065E325CC731A00AEA836 /* RankingGlobal.swift in Sources */ = {isa = PBXBuildFile; fileRef = 1CA065E225CC731A00AEA836 /* RankingGlobal.swift */; };
		1CA065E525CC73AD00AEA836 /* RankingUser.swift in Sources */ = {isa = PBXBuildFile; fileRef = 1CA065E425CC73AD00AEA836 /* RankingUser.swift */; };
		1CB62E4F25DA70EF00330B4A /* RankingPhotoViewController.swift in Sources */ = {isa = PBXBuildFile; fileRef = 1CB62E4E25DA70EF00330B4A /* RankingPhotoViewController.swift */; };
		1CB62E5125DAC76000330B4A /* PloggingUserData.swift in Sources */ = {isa = PBXBuildFile; fileRef = 1CB62E5025DAC76000330B4A /* PloggingUserData.swift */; };
		1CBC5D4625C9DAB700531EF2 /* PasswordCompletionViewController.swift in Sources */ = {isa = PBXBuildFile; fileRef = 1CBC5D4525C9DAB700531EF2 /* PasswordCompletionViewController.swift */; };
		1CBE988B25AC76AE00CC247A /* APICollection.swift in Sources */ = {isa = PBXBuildFile; fileRef = 1CBE988A25AC76AE00CC247A /* APICollection.swift */; };
		1CBE989025AC7B4800CC247A /* BaseURL.swift in Sources */ = {isa = PBXBuildFile; fileRef = 1CBE988F25AC7B4800CC247A /* BaseURL.swift */; };
		1CBE98A425AF25A100CC247A /* PloggingInfo.swift in Sources */ = {isa = PBXBuildFile; fileRef = 1CBE98A325AF25A100CC247A /* PloggingInfo.swift */; };
		1CBE98AC25AF2DFA00CC247A /* APIError.swift in Sources */ = {isa = PBXBuildFile; fileRef = 1CBE98AB25AF2DFA00CC247A /* APIError.swift */; };
		1CC08DDC25A5D56D00EE3505 /* Extension+UIViewController.swift in Sources */ = {isa = PBXBuildFile; fileRef = 1CC08DDB25A5D56D00EE3505 /* Extension+UIViewController.swift */; };
		1CC281BE25B4B121003FBCCD /* Extension+UIButton.swift in Sources */ = {isa = PBXBuildFile; fileRef = 1CC281BD25B4B121003FBCCD /* Extension+UIButton.swift */; };
		1CC281DC25B4C118003FBCCD /* PloggingUser.swift in Sources */ = {isa = PBXBuildFile; fileRef = 1CC281DB25B4C117003FBCCD /* PloggingUser.swift */; };
		1CE928D725BDD0980083FB62 /* RankingTableViewCell.swift in Sources */ = {isa = PBXBuildFile; fileRef = 1CE928D525BDD0980083FB62 /* RankingTableViewCell.swift */; };
		1CE928D825BDD0980083FB62 /* RankingTableViewCell.xib in Resources */ = {isa = PBXBuildFile; fileRef = 1CE928D625BDD0980083FB62 /* RankingTableViewCell.xib */; };
		25AE08688E2C7F71DFE4895C /* Pods_Plogging_PloggingUITests.framework in Frameworks */ = {isa = PBXBuildFile; fileRef = D7A39D6CF0AD8CE6D114CE44 /* Pods_Plogging_PloggingUITests.framework */; };
		3D51A0B8A5A8FA8D47D1553D /* PloggingStartViewController.swift in Sources */ = {isa = PBXBuildFile; fileRef = 3D51A2A040514A1E6549B7D1 /* PloggingStartViewController.swift */; };
		3D51A410A03C5277B3E45C67 /* Backup.xcdatamodeld in Sources */ = {isa = PBXBuildFile; fileRef = 3D51ACE379B1C576394FBFBD /* Backup.xcdatamodeld */; };
		3D51A51648641E00088FC2DA /* ConfirmButton.swift in Sources */ = {isa = PBXBuildFile; fileRef = 3D51A64BE30481EF1230392E /* ConfirmButton.swift */; };
		3D51A575613680B1D137A894 /* PloggingMain.storyboard in Resources */ = {isa = PBXBuildFile; fileRef = 3D51A519B74075540D997C55 /* PloggingMain.storyboard */; };
		3D51A662CEEFD31F10D5EEF5 /* SummeryItem.swift in Sources */ = {isa = PBXBuildFile; fileRef = 3D51AA7DB7C490898DCDC735 /* SummeryItem.swift */; };
		3D51A6FF314ACB2092B62D23 /* Extension+PathManager.swift in Sources */ = {isa = PBXBuildFile; fileRef = 3D51A3DF16E287DEFCCE586D /* Extension+PathManager.swift */; };
		3D51A8C85F928A82EC7E3ECE /* PickTrashItem.xib in Resources */ = {isa = PBXBuildFile; fileRef = 3D51A5C5518A2AA16488BB30 /* PickTrashItem.xib */; };
		3D51AA95E7B3F499E2B73D56 /* BackupManager.swift in Sources */ = {isa = PBXBuildFile; fileRef = 3D51A98D1552E6F9909BEE64 /* BackupManager.swift */; };
		3D51AD059BCC718FA9C3E71E /* PloggingIntroduceModalViewController.swift in Sources */ = {isa = PBXBuildFile; fileRef = 3D51A40EDF721D23827E5FD1 /* PloggingIntroduceModalViewController.swift */; };
		3D51AD8E915AAF8AAAFF4F62 /* PathManager.swift in Sources */ = {isa = PBXBuildFile; fileRef = 3D51A4D3DA91775A4DCD9228 /* PathManager.swift */; };
		3D51AE726AFED7A079E41CCD /* Enum+TrashType.swift in Sources */ = {isa = PBXBuildFile; fileRef = 3D51A319758A8CAEF5A862D8 /* Enum+TrashType.swift */; };
		3D51AE81ED9D529EFB23D448 /* PloggingRunningInfoViewController.swift in Sources */ = {isa = PBXBuildFile; fileRef = 3D51A1AAB16BC9DC4AF03783 /* PloggingRunningInfoViewController.swift */; };
		3D51AED20F7B5C12359573EB /* IntroduceModalItem.swift in Sources */ = {isa = PBXBuildFile; fileRef = 3D51A493A898FCFF87F5D116 /* IntroduceModalItem.swift */; };
		3D51AEDBD61B24C16994530F /* Path+CoreDataClass.swift in Sources */ = {isa = PBXBuildFile; fileRef = 3D51AD8E76137E276058699E /* Path+CoreDataClass.swift */; };
		3D51AF47FCF97A628499C1BD /* PickTrashItem.swift in Sources */ = {isa = PBXBuildFile; fileRef = 3D51A47619BE25D47FEC1CCC /* PickTrashItem.swift */; };
		3D51AF8D81CBEA8D8F71D7C3 /* PloggingPickTrashViewController.swift in Sources */ = {isa = PBXBuildFile; fileRef = 3D51A29DC232990A31871B96 /* PloggingPickTrashViewController.swift */; };
		7A88803982B01E577D9600F3 /* Pods_Plogging.framework in Frameworks */ = {isa = PBXBuildFile; fileRef = E856C59342FFB1CD6308BEED /* Pods_Plogging.framework */; };
		7ABFEFEA25D53BEA007D5B76 /* WaitingScreenViewController.swift in Sources */ = {isa = PBXBuildFile; fileRef = 7ABFEFE925D53BEA007D5B76 /* WaitingScreenViewController.swift */; };
		8D239B0AEA217D18E6B757C1 /* Pods_PloggingTests.framework in Frameworks */ = {isa = PBXBuildFile; fileRef = F3CDF2AE3387C243FE395B79 /* Pods_PloggingTests.framework */; };
		9B00B3B325D26D7F006427DE /* SettingViewController.swift in Sources */ = {isa = PBXBuildFile; fileRef = 9B00B3B225D26D7F006427DE /* SettingViewController.swift */; };
		9B00B3B525D28582006427DE /* ChangePasswordViewController.swift in Sources */ = {isa = PBXBuildFile; fileRef = 9B00B3B425D28581006427DE /* ChangePasswordViewController.swift */; };
		9B00B3B725D289A5006427DE /* DeleteUserViewController.swift in Sources */ = {isa = PBXBuildFile; fileRef = 9B00B3B625D289A5006427DE /* DeleteUserViewController.swift */; };
		9B01588325A0CB15003D3B7B /* AppDelegate.swift in Sources */ = {isa = PBXBuildFile; fileRef = 9B01588225A0CB15003D3B7B /* AppDelegate.swift */; };
		9B01588525A0CB15003D3B7B /* SceneDelegate.swift in Sources */ = {isa = PBXBuildFile; fileRef = 9B01588425A0CB15003D3B7B /* SceneDelegate.swift */; };
		9B01588725A0CB15003D3B7B /* MainViewController.swift in Sources */ = {isa = PBXBuildFile; fileRef = 9B01588625A0CB15003D3B7B /* MainViewController.swift */; };
		9B01588A25A0CB15003D3B7B /* Main.storyboard in Resources */ = {isa = PBXBuildFile; fileRef = 9B01588825A0CB15003D3B7B /* Main.storyboard */; };
		9B01588C25A0CB19003D3B7B /* Assets.xcassets in Resources */ = {isa = PBXBuildFile; fileRef = 9B01588B25A0CB19003D3B7B /* Assets.xcassets */; };
		9B01588F25A0CB19003D3B7B /* LaunchScreen.storyboard in Resources */ = {isa = PBXBuildFile; fileRef = 9B01588D25A0CB19003D3B7B /* LaunchScreen.storyboard */; };
		9B01589A25A0CB1A003D3B7B /* PloggingTests.swift in Sources */ = {isa = PBXBuildFile; fileRef = 9B01589925A0CB1A003D3B7B /* PloggingTests.swift */; };
		9B0158A525A0CB1A003D3B7B /* PloggingUITests.swift in Sources */ = {isa = PBXBuildFile; fileRef = 9B0158A425A0CB1A003D3B7B /* PloggingUITests.swift */; };
		9B0C235325A4DA010084D27B /* PloggingResult.storyboard in Resources */ = {isa = PBXBuildFile; fileRef = 9B0C235225A4DA010084D27B /* PloggingResult.storyboard */; };
		9B0C235825A4DA1D0084D27B /* PloggingResultPhotoViewController.swift in Sources */ = {isa = PBXBuildFile; fileRef = 9B0C235725A4DA1D0084D27B /* PloggingResultPhotoViewController.swift */; };
		9B0C238B25A6F0680084D27B /* PloggingInfoViewCreater.swift in Sources */ = {isa = PBXBuildFile; fileRef = 9B0C238A25A6F0680084D27B /* PloggingInfoViewCreater.swift */; };
		9B0C239025A6F1540084D27B /* ImageRenderingMaker.swift in Sources */ = {isa = PBXBuildFile; fileRef = 9B0C238F25A6F1540084D27B /* ImageRenderingMaker.swift */; };
		9B14C10D25BC6A4F0066B2B5 /* AppleSDGothicNeoEB.ttf in Resources */ = {isa = PBXBuildFile; fileRef = 9B14C10C25BC6A4B0066B2B5 /* AppleSDGothicNeoEB.ttf */; };
		9B14C11F25BC6A520066B2B5 /* AppleSDGothicNeoH.ttf in Resources */ = {isa = PBXBuildFile; fileRef = 9B14C10B25BC6A3F0066B2B5 /* AppleSDGothicNeoH.ttf */; };
		9B2A87E825D952F3008EC772 /* Protocol+PagingParsable.swift in Sources */ = {isa = PBXBuildFile; fileRef = 9B2A87E725D952F3008EC772 /* Protocol+PagingParsable.swift */; };
		9B2A87EC25D99F4E008EC772 /* MypageParser.swift in Sources */ = {isa = PBXBuildFile; fileRef = 9B2A87EB25D99F4E008EC772 /* MypageParser.swift */; };
		9B2A87EF25DA2F4E008EC772 /* PloggingResultScore.swift in Sources */ = {isa = PBXBuildFile; fileRef = 9B2A87EE25DA2F4E008EC772 /* PloggingResultScore.swift */; };
		9B2C333725B8787800EB5B87 /* PloggingMainViewController.swift in Sources */ = {isa = PBXBuildFile; fileRef = 9B2C333625B8787800EB5B87 /* PloggingMainViewController.swift */; };
		9B32B58F25C1DD0C00CB25C0 /* TrashCountCell.swift in Sources */ = {isa = PBXBuildFile; fileRef = 9B32B58E25C1DD0C00CB25C0 /* TrashCountCell.swift */; };
		9B34767625D044D3000144EC /* PloggingDetailInfoViewController.swift in Sources */ = {isa = PBXBuildFile; fileRef = 9B34767525D044D3000144EC /* PloggingDetailInfoViewController.swift */; };
		9B3F9DA725D7A69200E41F95 /* PagingDataSource.swift in Sources */ = {isa = PBXBuildFile; fileRef = 9B3F9DA625D7A69100E41F95 /* PagingDataSource.swift */; };
		9B51A5AC25B20FD8000AA9FA /* CameraViewController.swift in Sources */ = {isa = PBXBuildFile; fileRef = 9B51A5AB25B20FD8000AA9FA /* CameraViewController.swift */; };
		9B51A5C525B32C2B000AA9FA /* PloggingResultViewController.swift in Sources */ = {isa = PBXBuildFile; fileRef = 9B51A5C425B32C2B000AA9FA /* PloggingResultViewController.swift */; };
		9B51A61525B56F2C000AA9FA /* Extension+UIImage.swift in Sources */ = {isa = PBXBuildFile; fileRef = 9B671CC825AC99DC00B0B415 /* Extension+UIImage.swift */; };
		9B51A63625B5C998000AA9FA /* DeviceInfo.swift in Sources */ = {isa = PBXBuildFile; fileRef = 9B51A63525B5C998000AA9FA /* DeviceInfo.swift */; };
		9B5A32B725AEAAEA0061A361 /* Enum+MainTab.swift in Sources */ = {isa = PBXBuildFile; fileRef = 9B5A32B625AEAAE90061A361 /* Enum+MainTab.swift */; };
		9B661B9625B8292F008EA09D /* SegueIdentifier.swift in Sources */ = {isa = PBXBuildFile; fileRef = 9B661B9525B8292F008EA09D /* SegueIdentifier.swift */; };
		9B671CC425AC99B100B0B415 /* PloggingResultImageMaker.swift in Sources */ = {isa = PBXBuildFile; fileRef = 9B0C239425A6F18A0084D27B /* PloggingResultImageMaker.swift */; };
		9B671DF325AE0DB700B0B415 /* Ranking.storyboard in Resources */ = {isa = PBXBuildFile; fileRef = 9B671DF225AE0DB700B0B415 /* Ranking.storyboard */; };
		9B671DFD25AE0DD800B0B415 /* Plogging.storyboard in Resources */ = {isa = PBXBuildFile; fileRef = 9B671DFC25AE0DD800B0B415 /* Plogging.storyboard */; };
		9B671E0225AE0DE900B0B415 /* RankingViewController.swift in Sources */ = {isa = PBXBuildFile; fileRef = 9B671E0125AE0DE900B0B415 /* RankingViewController.swift */; };
		9B671E0725AE0DF700B0B415 /* PloggingViewController.swift in Sources */ = {isa = PBXBuildFile; fileRef = 9B671E0625AE0DF700B0B415 /* PloggingViewController.swift */; };
		9B8A434C25DB90CA00CD6F92 /* PloggingResultBasicInfo.swift in Sources */ = {isa = PBXBuildFile; fileRef = 9B8A434B25DB90CA00CD6F92 /* PloggingResultBasicInfo.swift */; };
		9BBFF19A25C9479400D6636E /* PloggingResultPhotoCell.swift in Sources */ = {isa = PBXBuildFile; fileRef = 9BBFF19925C9479200D6636E /* PloggingResultPhotoCell.swift */; };
		9BF729DA25BF3193008ABEBF /* SFProDisplay-Black.ttf in Resources */ = {isa = PBXBuildFile; fileRef = 9BF729D925BF315E008ABEBF /* SFProDisplay-Black.ttf */; };
/* End PBXBuildFile section */

/* Begin PBXContainerItemProxy section */
		9B01589625A0CB1A003D3B7B /* PBXContainerItemProxy */ = {
			isa = PBXContainerItemProxy;
			containerPortal = 9B01587725A0CB15003D3B7B /* Project object */;
			proxyType = 1;
			remoteGlobalIDString = 9B01587E25A0CB15003D3B7B;
			remoteInfo = Plogging;
		};
		9B0158A125A0CB1A003D3B7B /* PBXContainerItemProxy */ = {
			isa = PBXContainerItemProxy;
			containerPortal = 9B01587725A0CB15003D3B7B /* Project object */;
			proxyType = 1;
			remoteGlobalIDString = 9B01587E25A0CB15003D3B7B;
			remoteInfo = Plogging;
		};
/* End PBXContainerItemProxy section */

/* Begin PBXFileReference section */
		058AAAADA6D7E64EADC3F4D0 /* Pods-Plogging.release.xcconfig */ = {isa = PBXFileReference; includeInIndex = 1; lastKnownFileType = text.xcconfig; name = "Pods-Plogging.release.xcconfig"; path = "Target Support Files/Pods-Plogging/Pods-Plogging.release.xcconfig"; sourceTree = "<group>"; };
		1246B8379D611882CCB23B19 /* Pods-Plogging-PloggingUITests.release.xcconfig */ = {isa = PBXFileReference; includeInIndex = 1; lastKnownFileType = text.xcconfig; name = "Pods-Plogging-PloggingUITests.release.xcconfig"; path = "Target Support Files/Pods-Plogging-PloggingUITests/Pods-Plogging-PloggingUITests.release.xcconfig"; sourceTree = "<group>"; };
		1C11C37025DB0967001BEF00 /* Extension+NotificationName.swift */ = {isa = PBXFileReference; lastKnownFileType = sourcecode.swift; path = "Extension+NotificationName.swift"; sourceTree = "<group>"; };
		1C2184DE25B75B800076CD14 /* OnboardingViewController.swift */ = {isa = PBXFileReference; lastKnownFileType = sourcecode.swift; path = OnboardingViewController.swift; sourceTree = "<group>"; };
		1C2184E325B75C880076CD14 /* Onboarding.storyboard */ = {isa = PBXFileReference; lastKnownFileType = file.storyboard; path = Onboarding.storyboard; sourceTree = "<group>"; };
		1C2184EB25B770130076CD14 /* Extension+String.swift */ = {isa = PBXFileReference; lastKnownFileType = sourcecode.swift; path = "Extension+String.swift"; sourceTree = "<group>"; };
		1C2184F025B8A5590076CD14 /* Extension+UIColor.swift */ = {isa = PBXFileReference; lastKnownFileType = sourcecode.swift; path = "Extension+UIColor.swift"; sourceTree = "<group>"; };
		1C21851625B8B7560076CD14 /* PopUp.storyboard */ = {isa = PBXFileReference; lastKnownFileType = file.storyboard; path = PopUp.storyboard; sourceTree = "<group>"; };
		1C21851B25B8B7630076CD14 /* PopUpViewController.swift */ = {isa = PBXFileReference; lastKnownFileType = sourcecode.swift; path = PopUpViewController.swift; sourceTree = "<group>"; };
		1C21852925B8C3480076CD14 /* Enum+PopUp.swift */ = {isa = PBXFileReference; lastKnownFileType = sourcecode.swift; path = "Enum+PopUp.swift"; sourceTree = "<group>"; };
		1C31C03025C54FEC00413EBB /* RankingRefreshTableViewCell.swift */ = {isa = PBXFileReference; lastKnownFileType = sourcecode.swift; path = RankingRefreshTableViewCell.swift; sourceTree = "<group>"; };
		1C31C03125C54FEC00413EBB /* RankingRefreshTableViewCell.xib */ = {isa = PBXFileReference; lastKnownFileType = file.xib; path = RankingRefreshTableViewCell.xib; sourceTree = "<group>"; };
		1C31C03425C5B60800413EBB /* FindPasswordViewController.swift */ = {isa = PBXFileReference; lastKnownFileType = sourcecode.swift; path = FindPasswordViewController.swift; sourceTree = "<group>"; };
		1C31C03725C5BA3D00413EBB /* Protocol+LoginValidation.swift */ = {isa = PBXFileReference; lastKnownFileType = sourcecode.swift; path = "Protocol+LoginValidation.swift"; sourceTree = "<group>"; };
		1C31C03925C5C28C00413EBB /* NickNameViewController.swift */ = {isa = PBXFileReference; lastKnownFileType = sourcecode.swift; path = NickNameViewController.swift; sourceTree = "<group>"; };
		1C39979925A77CAD0077E19B /* PloggingDebug.entitlements */ = {isa = PBXFileReference; lastKnownFileType = text.plist.entitlements; path = PloggingDebug.entitlements; sourceTree = "<group>"; };
		1C5A68BC25BF25A100F096A9 /* MyRankingTableViewCell.swift */ = {isa = PBXFileReference; lastKnownFileType = sourcecode.swift; path = MyRankingTableViewCell.swift; sourceTree = "<group>"; };
		1C5A68BD25BF25A100F096A9 /* MyRankingTableViewCell.xib */ = {isa = PBXFileReference; lastKnownFileType = file.xib; path = MyRankingTableViewCell.xib; sourceTree = "<group>"; };
		1C5B0DDA25D428D9008560FA /* Cookie.swift */ = {isa = PBXFileReference; lastKnownFileType = sourcecode.swift; path = Cookie.swift; sourceTree = "<group>"; };
		1C5B0E0825D6FDFB008560FA /* Protocol+RefreshCellDelegate.swift */ = {isa = PBXFileReference; lastKnownFileType = sourcecode.swift; path = "Protocol+RefreshCellDelegate.swift"; sourceTree = "<group>"; };
		1C5B0E0A25D704B0008560FA /* PloggingUserInfo.swift */ = {isa = PBXFileReference; lastKnownFileType = sourcecode.swift; path = PloggingUserInfo.swift; sourceTree = "<group>"; };
		1C5B0E0F25D95CBB008560FA /* RankingDetailCollectionViewCell.swift */ = {isa = PBXFileReference; lastKnownFileType = sourcecode.swift; path = RankingDetailCollectionViewCell.swift; sourceTree = "<group>"; };
		1C5B0E1025D95CBB008560FA /* RankingDetailCollectionViewCell.xib */ = {isa = PBXFileReference; lastKnownFileType = file.xib; path = RankingDetailCollectionViewCell.xib; sourceTree = "<group>"; };
		1C5B304725A604E100413115 /* APIKey.swift */ = {isa = PBXFileReference; lastKnownFileType = sourcecode.swift; path = APIKey.swift; sourceTree = "<group>"; };
		1C5B304D25A6079700413115 /* Enum+URL.swift */ = {isa = PBXFileReference; lastKnownFileType = sourcecode.swift; path = "Enum+URL.swift"; sourceTree = "<group>"; };
		1C5B305525A6099700413115 /* PloggingRelease.entitlements */ = {isa = PBXFileReference; lastKnownFileType = text.plist.entitlements; path = PloggingRelease.entitlements; sourceTree = "<group>"; };
		1C5B306D25A6A04700413115 /* SNSLoginManager.swift */ = {isa = PBXFileReference; lastKnownFileType = sourcecode.swift; path = SNSLoginManager.swift; sourceTree = "<group>"; };
		1C5C000025C46B30003144B1 /* LoginViewController.swift */ = {isa = PBXFileReference; fileEncoding = 4; lastKnownFileType = sourcecode.swift; path = LoginViewController.swift; sourceTree = "<group>"; };
		1C5C000125C46B30003144B1 /* SNSLoginViewController.swift */ = {isa = PBXFileReference; fileEncoding = 4; lastKnownFileType = sourcecode.swift; path = SNSLoginViewController.swift; sourceTree = "<group>"; };
		1C5C000325C46B30003144B1 /* SNSLoginData.swift */ = {isa = PBXFileReference; fileEncoding = 4; lastKnownFileType = sourcecode.swift; path = SNSLoginData.swift; sourceTree = "<group>"; };
		1C5C000525C46B31003144B1 /* SNSLogin.storyboard */ = {isa = PBXFileReference; fileEncoding = 4; lastKnownFileType = file.storyboard; path = SNSLogin.storyboard; sourceTree = "<group>"; };
		1C5CFFFF25C46B30003144B1 /* SignUpViewController.swift */ = {isa = PBXFileReference; fileEncoding = 4; lastKnownFileType = sourcecode.swift; path = SignUpViewController.swift; sourceTree = "<group>"; };
		1C5EDBFB25BC6A8400C156A9 /* Enum+Storyboard.swift */ = {isa = PBXFileReference; lastKnownFileType = sourcecode.swift; path = "Enum+Storyboard.swift"; sourceTree = "<group>"; };
		1C88A44A25CC65DD003E979D /* MyPage.storyboard */ = {isa = PBXFileReference; fileEncoding = 4; lastKnownFileType = file.storyboard; path = MyPage.storyboard; sourceTree = "<group>"; };
		1C88A44C25CC65DD003E979D /* MyPageViewController.swift */ = {isa = PBXFileReference; fileEncoding = 4; lastKnownFileType = sourcecode.swift; path = MyPageViewController.swift; sourceTree = "<group>"; };
		1C9A3A9C25CDCA5F00668058 /* Protocol+NibLodable.swift */ = {isa = PBXFileReference; lastKnownFileType = sourcecode.swift; path = "Protocol+NibLodable.swift"; sourceTree = "<group>"; };
		1C9A3A9E25CDCA7800668058 /* Protocol+ReusableCell.swift */ = {isa = PBXFileReference; lastKnownFileType = sourcecode.swift; path = "Protocol+ReusableCell.swift"; sourceTree = "<group>"; };
		1C9A3AA025CDCAA400668058 /* Extension+UICollectionView.swift */ = {isa = PBXFileReference; lastKnownFileType = sourcecode.swift; path = "Extension+UICollectionView.swift"; sourceTree = "<group>"; };
		1C9A3AA225CDCAC100668058 /* Extension+UITableView.swift */ = {isa = PBXFileReference; lastKnownFileType = sourcecode.swift; path = "Extension+UITableView.swift"; sourceTree = "<group>"; };
		1CA065E225CC731A00AEA836 /* RankingGlobal.swift */ = {isa = PBXFileReference; lastKnownFileType = sourcecode.swift; path = RankingGlobal.swift; sourceTree = "<group>"; };
		1CA065E425CC73AD00AEA836 /* RankingUser.swift */ = {isa = PBXFileReference; lastKnownFileType = sourcecode.swift; path = RankingUser.swift; sourceTree = "<group>"; };
		1CB62E4E25DA70EF00330B4A /* RankingPhotoViewController.swift */ = {isa = PBXFileReference; lastKnownFileType = sourcecode.swift; path = RankingPhotoViewController.swift; sourceTree = "<group>"; };
		1CB62E5025DAC76000330B4A /* PloggingUserData.swift */ = {isa = PBXFileReference; lastKnownFileType = sourcecode.swift; path = PloggingUserData.swift; sourceTree = "<group>"; };
		1CBC5D4525C9DAB700531EF2 /* PasswordCompletionViewController.swift */ = {isa = PBXFileReference; lastKnownFileType = sourcecode.swift; path = PasswordCompletionViewController.swift; sourceTree = "<group>"; };
		1CBE988A25AC76AE00CC247A /* APICollection.swift */ = {isa = PBXFileReference; lastKnownFileType = sourcecode.swift; path = APICollection.swift; sourceTree = "<group>"; };
		1CBE988F25AC7B4800CC247A /* BaseURL.swift */ = {isa = PBXFileReference; lastKnownFileType = sourcecode.swift; path = BaseURL.swift; sourceTree = "<group>"; };
		1CBE98A325AF25A100CC247A /* PloggingInfo.swift */ = {isa = PBXFileReference; lastKnownFileType = sourcecode.swift; path = PloggingInfo.swift; sourceTree = "<group>"; };
		1CBE98AB25AF2DFA00CC247A /* APIError.swift */ = {isa = PBXFileReference; lastKnownFileType = sourcecode.swift; path = APIError.swift; sourceTree = "<group>"; };
		1CC08DDB25A5D56D00EE3505 /* Extension+UIViewController.swift */ = {isa = PBXFileReference; lastKnownFileType = sourcecode.swift; path = "Extension+UIViewController.swift"; sourceTree = "<group>"; };
		1CC281BD25B4B121003FBCCD /* Extension+UIButton.swift */ = {isa = PBXFileReference; lastKnownFileType = sourcecode.swift; path = "Extension+UIButton.swift"; sourceTree = "<group>"; };
		1CC281DB25B4C117003FBCCD /* PloggingUser.swift */ = {isa = PBXFileReference; lastKnownFileType = sourcecode.swift; path = PloggingUser.swift; sourceTree = "<group>"; };
		1CE928D525BDD0980083FB62 /* RankingTableViewCell.swift */ = {isa = PBXFileReference; lastKnownFileType = sourcecode.swift; path = RankingTableViewCell.swift; sourceTree = "<group>"; };
		1CE928D625BDD0980083FB62 /* RankingTableViewCell.xib */ = {isa = PBXFileReference; lastKnownFileType = file.xib; path = RankingTableViewCell.xib; sourceTree = "<group>"; };
		2A0ABABA99B77BC2068FB18E /* Pods-Plogging-PloggingUITests.debug.xcconfig */ = {isa = PBXFileReference; includeInIndex = 1; lastKnownFileType = text.xcconfig; name = "Pods-Plogging-PloggingUITests.debug.xcconfig"; path = "Target Support Files/Pods-Plogging-PloggingUITests/Pods-Plogging-PloggingUITests.debug.xcconfig"; sourceTree = "<group>"; };
		3D51A1AAB16BC9DC4AF03783 /* PloggingRunningInfoViewController.swift */ = {isa = PBXFileReference; fileEncoding = 4; lastKnownFileType = sourcecode.swift; path = PloggingRunningInfoViewController.swift; sourceTree = "<group>"; };
		3D51A29DC232990A31871B96 /* PloggingPickTrashViewController.swift */ = {isa = PBXFileReference; fileEncoding = 4; lastKnownFileType = sourcecode.swift; path = PloggingPickTrashViewController.swift; sourceTree = "<group>"; };
		3D51A2A040514A1E6549B7D1 /* PloggingStartViewController.swift */ = {isa = PBXFileReference; fileEncoding = 4; lastKnownFileType = sourcecode.swift; path = PloggingStartViewController.swift; sourceTree = "<group>"; };
		3D51A319758A8CAEF5A862D8 /* Enum+TrashType.swift */ = {isa = PBXFileReference; fileEncoding = 4; lastKnownFileType = sourcecode.swift; path = "Enum+TrashType.swift"; sourceTree = "<group>"; };
		3D51A3DF16E287DEFCCE586D /* Extension+PathManager.swift */ = {isa = PBXFileReference; fileEncoding = 4; lastKnownFileType = sourcecode.swift; path = "Extension+PathManager.swift"; sourceTree = "<group>"; };
		3D51A40EDF721D23827E5FD1 /* PloggingIntroduceModalViewController.swift */ = {isa = PBXFileReference; fileEncoding = 4; lastKnownFileType = sourcecode.swift; path = PloggingIntroduceModalViewController.swift; sourceTree = "<group>"; };
		3D51A47619BE25D47FEC1CCC /* PickTrashItem.swift */ = {isa = PBXFileReference; fileEncoding = 4; lastKnownFileType = sourcecode.swift; path = PickTrashItem.swift; sourceTree = "<group>"; };
		3D51A493A898FCFF87F5D116 /* IntroduceModalItem.swift */ = {isa = PBXFileReference; fileEncoding = 4; lastKnownFileType = sourcecode.swift; path = IntroduceModalItem.swift; sourceTree = "<group>"; };
		3D51A4D3DA91775A4DCD9228 /* PathManager.swift */ = {isa = PBXFileReference; fileEncoding = 4; lastKnownFileType = sourcecode.swift; path = PathManager.swift; sourceTree = "<group>"; };
		3D51A519B74075540D997C55 /* PloggingMain.storyboard */ = {isa = PBXFileReference; lastKnownFileType = file.storyboard; path = PloggingMain.storyboard; sourceTree = "<group>"; };
		3D51A5C5518A2AA16488BB30 /* PickTrashItem.xib */ = {isa = PBXFileReference; lastKnownFileType = file.xib; path = PickTrashItem.xib; sourceTree = "<group>"; };
		3D51A64BE30481EF1230392E /* ConfirmButton.swift */ = {isa = PBXFileReference; fileEncoding = 4; lastKnownFileType = sourcecode.swift; path = ConfirmButton.swift; sourceTree = "<group>"; };
		3D51A98D1552E6F9909BEE64 /* BackupManager.swift */ = {isa = PBXFileReference; fileEncoding = 4; lastKnownFileType = sourcecode.swift; path = BackupManager.swift; sourceTree = "<group>"; };
		3D51AA7DB7C490898DCDC735 /* SummeryItem.swift */ = {isa = PBXFileReference; fileEncoding = 4; lastKnownFileType = sourcecode.swift; path = SummeryItem.swift; sourceTree = "<group>"; };
		3D51AC41DAC4C1BCD27E5054 /* Backup.xcdatamodel */ = {isa = PBXFileReference; lastKnownFileType = wrapper.xcdatamodel; path = Backup.xcdatamodel; sourceTree = "<group>"; };
		3D51AD8E76137E276058699E /* Path+CoreDataClass.swift */ = {isa = PBXFileReference; fileEncoding = 4; lastKnownFileType = sourcecode.swift; path = "Path+CoreDataClass.swift"; sourceTree = "<group>"; };
		7ABFEFE925D53BEA007D5B76 /* WaitingScreenViewController.swift */ = {isa = PBXFileReference; fileEncoding = 4; lastKnownFileType = sourcecode.swift; path = WaitingScreenViewController.swift; sourceTree = "<group>"; };
		9B00B3B225D26D7F006427DE /* SettingViewController.swift */ = {isa = PBXFileReference; lastKnownFileType = sourcecode.swift; name = SettingViewController.swift; path = "Plogging/My Page/Controller/SettingViewController.swift"; sourceTree = SOURCE_ROOT; };
		9B00B3B425D28581006427DE /* ChangePasswordViewController.swift */ = {isa = PBXFileReference; lastKnownFileType = sourcecode.swift; path = ChangePasswordViewController.swift; sourceTree = "<group>"; };
		9B00B3B625D289A5006427DE /* DeleteUserViewController.swift */ = {isa = PBXFileReference; lastKnownFileType = sourcecode.swift; name = DeleteUserViewController.swift; path = "Plogging/My Page/Controller/DeleteUserViewController.swift"; sourceTree = SOURCE_ROOT; };
		9B01587F25A0CB15003D3B7B /* Plogging.app */ = {isa = PBXFileReference; explicitFileType = wrapper.application; includeInIndex = 0; path = Plogging.app; sourceTree = BUILT_PRODUCTS_DIR; };
		9B01588225A0CB15003D3B7B /* AppDelegate.swift */ = {isa = PBXFileReference; lastKnownFileType = sourcecode.swift; path = AppDelegate.swift; sourceTree = "<group>"; };
		9B01588425A0CB15003D3B7B /* SceneDelegate.swift */ = {isa = PBXFileReference; lastKnownFileType = sourcecode.swift; path = SceneDelegate.swift; sourceTree = "<group>"; };
		9B01588625A0CB15003D3B7B /* MainViewController.swift */ = {isa = PBXFileReference; lastKnownFileType = sourcecode.swift; path = MainViewController.swift; sourceTree = "<group>"; };
		9B01588925A0CB15003D3B7B /* Base */ = {isa = PBXFileReference; lastKnownFileType = file.storyboard; name = Base; path = Base.lproj/Main.storyboard; sourceTree = "<group>"; };
		9B01588B25A0CB19003D3B7B /* Assets.xcassets */ = {isa = PBXFileReference; lastKnownFileType = folder.assetcatalog; path = Assets.xcassets; sourceTree = "<group>"; };
		9B01588E25A0CB19003D3B7B /* Base */ = {isa = PBXFileReference; lastKnownFileType = file.storyboard; name = Base; path = Base.lproj/LaunchScreen.storyboard; sourceTree = "<group>"; };
		9B01589025A0CB19003D3B7B /* Info.plist */ = {isa = PBXFileReference; lastKnownFileType = text.plist.xml; path = Info.plist; sourceTree = "<group>"; };
		9B01589525A0CB1A003D3B7B /* PloggingTests.xctest */ = {isa = PBXFileReference; explicitFileType = wrapper.cfbundle; includeInIndex = 0; path = PloggingTests.xctest; sourceTree = BUILT_PRODUCTS_DIR; };
		9B01589925A0CB1A003D3B7B /* PloggingTests.swift */ = {isa = PBXFileReference; lastKnownFileType = sourcecode.swift; path = PloggingTests.swift; sourceTree = "<group>"; };
		9B01589B25A0CB1A003D3B7B /* Info.plist */ = {isa = PBXFileReference; lastKnownFileType = text.plist.xml; path = Info.plist; sourceTree = "<group>"; };
		9B0158A025A0CB1A003D3B7B /* PloggingUITests.xctest */ = {isa = PBXFileReference; explicitFileType = wrapper.cfbundle; includeInIndex = 0; path = PloggingUITests.xctest; sourceTree = BUILT_PRODUCTS_DIR; };
		9B0158A425A0CB1A003D3B7B /* PloggingUITests.swift */ = {isa = PBXFileReference; lastKnownFileType = sourcecode.swift; path = PloggingUITests.swift; sourceTree = "<group>"; };
		9B0158A625A0CB1A003D3B7B /* Info.plist */ = {isa = PBXFileReference; lastKnownFileType = text.plist.xml; path = Info.plist; sourceTree = "<group>"; };
		9B0C235225A4DA010084D27B /* PloggingResult.storyboard */ = {isa = PBXFileReference; lastKnownFileType = file.storyboard; path = PloggingResult.storyboard; sourceTree = "<group>"; };
		9B0C235725A4DA1D0084D27B /* PloggingResultPhotoViewController.swift */ = {isa = PBXFileReference; lastKnownFileType = sourcecode.swift; path = PloggingResultPhotoViewController.swift; sourceTree = "<group>"; };
		9B0C238A25A6F0680084D27B /* PloggingInfoViewCreater.swift */ = {isa = PBXFileReference; lastKnownFileType = sourcecode.swift; path = PloggingInfoViewCreater.swift; sourceTree = "<group>"; };
		9B0C238F25A6F1540084D27B /* ImageRenderingMaker.swift */ = {isa = PBXFileReference; lastKnownFileType = sourcecode.swift; path = ImageRenderingMaker.swift; sourceTree = "<group>"; };
		9B0C239425A6F18A0084D27B /* PloggingResultImageMaker.swift */ = {isa = PBXFileReference; lastKnownFileType = sourcecode.swift; path = PloggingResultImageMaker.swift; sourceTree = "<group>"; };
		9B14C10B25BC6A3F0066B2B5 /* AppleSDGothicNeoH.ttf */ = {isa = PBXFileReference; lastKnownFileType = file; path = AppleSDGothicNeoH.ttf; sourceTree = "<group>"; };
		9B14C10C25BC6A4B0066B2B5 /* AppleSDGothicNeoEB.ttf */ = {isa = PBXFileReference; lastKnownFileType = file; path = AppleSDGothicNeoEB.ttf; sourceTree = "<group>"; };
		9B2A87E725D952F3008EC772 /* Protocol+PagingParsable.swift */ = {isa = PBXFileReference; lastKnownFileType = sourcecode.swift; path = "Protocol+PagingParsable.swift"; sourceTree = "<group>"; };
		9B2A87EB25D99F4E008EC772 /* MypageParser.swift */ = {isa = PBXFileReference; lastKnownFileType = sourcecode.swift; path = MypageParser.swift; sourceTree = "<group>"; };
		9B2A87EE25DA2F4E008EC772 /* PloggingResultScore.swift */ = {isa = PBXFileReference; lastKnownFileType = sourcecode.swift; path = PloggingResultScore.swift; sourceTree = "<group>"; };
		9B2C333625B8787800EB5B87 /* PloggingMainViewController.swift */ = {isa = PBXFileReference; lastKnownFileType = sourcecode.swift; path = PloggingMainViewController.swift; sourceTree = "<group>"; };
		9B32B58E25C1DD0C00CB25C0 /* TrashCountCell.swift */ = {isa = PBXFileReference; lastKnownFileType = sourcecode.swift; path = TrashCountCell.swift; sourceTree = "<group>"; };
		9B34767525D044D3000144EC /* PloggingDetailInfoViewController.swift */ = {isa = PBXFileReference; lastKnownFileType = sourcecode.swift; path = PloggingDetailInfoViewController.swift; sourceTree = "<group>"; };
		9B3F9DA625D7A69100E41F95 /* PagingDataSource.swift */ = {isa = PBXFileReference; lastKnownFileType = sourcecode.swift; path = PagingDataSource.swift; sourceTree = "<group>"; };
		9B51A5AB25B20FD8000AA9FA /* CameraViewController.swift */ = {isa = PBXFileReference; lastKnownFileType = sourcecode.swift; path = CameraViewController.swift; sourceTree = "<group>"; };
		9B51A5C425B32C2B000AA9FA /* PloggingResultViewController.swift */ = {isa = PBXFileReference; lastKnownFileType = sourcecode.swift; path = PloggingResultViewController.swift; sourceTree = "<group>"; };
		9B51A63525B5C998000AA9FA /* DeviceInfo.swift */ = {isa = PBXFileReference; lastKnownFileType = sourcecode.swift; path = DeviceInfo.swift; sourceTree = "<group>"; };
		9B5A32B625AEAAE90061A361 /* Enum+MainTab.swift */ = {isa = PBXFileReference; lastKnownFileType = sourcecode.swift; path = "Enum+MainTab.swift"; sourceTree = "<group>"; };
		9B661B9525B8292F008EA09D /* SegueIdentifier.swift */ = {isa = PBXFileReference; lastKnownFileType = sourcecode.swift; path = SegueIdentifier.swift; sourceTree = "<group>"; };
		9B671CC825AC99DC00B0B415 /* Extension+UIImage.swift */ = {isa = PBXFileReference; lastKnownFileType = sourcecode.swift; path = "Extension+UIImage.swift"; sourceTree = "<group>"; };
		9B671DF225AE0DB700B0B415 /* Ranking.storyboard */ = {isa = PBXFileReference; lastKnownFileType = file.storyboard; path = Ranking.storyboard; sourceTree = "<group>"; };
		9B671DFC25AE0DD800B0B415 /* Plogging.storyboard */ = {isa = PBXFileReference; lastKnownFileType = file.storyboard; path = Plogging.storyboard; sourceTree = "<group>"; };
		9B671E0125AE0DE900B0B415 /* RankingViewController.swift */ = {isa = PBXFileReference; lastKnownFileType = sourcecode.swift; path = RankingViewController.swift; sourceTree = "<group>"; };
		9B671E0625AE0DF700B0B415 /* PloggingViewController.swift */ = {isa = PBXFileReference; lastKnownFileType = sourcecode.swift; path = PloggingViewController.swift; sourceTree = "<group>"; };
		9B8A434B25DB90CA00CD6F92 /* PloggingResultBasicInfo.swift */ = {isa = PBXFileReference; lastKnownFileType = sourcecode.swift; path = PloggingResultBasicInfo.swift; sourceTree = "<group>"; };
		9BBFF19925C9479200D6636E /* PloggingResultPhotoCell.swift */ = {isa = PBXFileReference; lastKnownFileType = sourcecode.swift; path = PloggingResultPhotoCell.swift; sourceTree = "<group>"; };
		9BF729D925BF315E008ABEBF /* SFProDisplay-Black.ttf */ = {isa = PBXFileReference; lastKnownFileType = file; path = "SFProDisplay-Black.ttf"; sourceTree = "<group>"; };
		B30387023FB6701DA6D40B34 /* Pods-PloggingTests.release.xcconfig */ = {isa = PBXFileReference; includeInIndex = 1; lastKnownFileType = text.xcconfig; name = "Pods-PloggingTests.release.xcconfig"; path = "Target Support Files/Pods-PloggingTests/Pods-PloggingTests.release.xcconfig"; sourceTree = "<group>"; };
		D7A39D6CF0AD8CE6D114CE44 /* Pods_Plogging_PloggingUITests.framework */ = {isa = PBXFileReference; explicitFileType = wrapper.framework; includeInIndex = 0; path = Pods_Plogging_PloggingUITests.framework; sourceTree = BUILT_PRODUCTS_DIR; };
		DEDEEAC80DEAF97F6FF39C26 /* Pods-Plogging.debug.xcconfig */ = {isa = PBXFileReference; includeInIndex = 1; lastKnownFileType = text.xcconfig; name = "Pods-Plogging.debug.xcconfig"; path = "Target Support Files/Pods-Plogging/Pods-Plogging.debug.xcconfig"; sourceTree = "<group>"; };
		E856C59342FFB1CD6308BEED /* Pods_Plogging.framework */ = {isa = PBXFileReference; explicitFileType = wrapper.framework; includeInIndex = 0; path = Pods_Plogging.framework; sourceTree = BUILT_PRODUCTS_DIR; };
		F3CDF2AE3387C243FE395B79 /* Pods_PloggingTests.framework */ = {isa = PBXFileReference; explicitFileType = wrapper.framework; includeInIndex = 0; path = Pods_PloggingTests.framework; sourceTree = BUILT_PRODUCTS_DIR; };
		F9F72661C993D638D6ACD8F4 /* Pods-PloggingTests.debug.xcconfig */ = {isa = PBXFileReference; includeInIndex = 1; lastKnownFileType = text.xcconfig; name = "Pods-PloggingTests.debug.xcconfig"; path = "Target Support Files/Pods-PloggingTests/Pods-PloggingTests.debug.xcconfig"; sourceTree = "<group>"; };
/* End PBXFileReference section */

/* Begin PBXFrameworksBuildPhase section */
		9B01587C25A0CB15003D3B7B /* Frameworks */ = {
			isa = PBXFrameworksBuildPhase;
			buildActionMask = 2147483647;
			files = (
				7A88803982B01E577D9600F3 /* Pods_Plogging.framework in Frameworks */,
			);
			runOnlyForDeploymentPostprocessing = 0;
		};
		9B01589225A0CB1A003D3B7B /* Frameworks */ = {
			isa = PBXFrameworksBuildPhase;
			buildActionMask = 2147483647;
			files = (
				8D239B0AEA217D18E6B757C1 /* Pods_PloggingTests.framework in Frameworks */,
			);
			runOnlyForDeploymentPostprocessing = 0;
		};
		9B01589D25A0CB1A003D3B7B /* Frameworks */ = {
			isa = PBXFrameworksBuildPhase;
			buildActionMask = 2147483647;
			files = (
				25AE08688E2C7F71DFE4895C /* Pods_Plogging_PloggingUITests.framework in Frameworks */,
			);
			runOnlyForDeploymentPostprocessing = 0;
		};
/* End PBXFrameworksBuildPhase section */

/* Begin PBXGroup section */
		0D3991AC06B393D10B2A9FFE /* Frameworks */ = {
			isa = PBXGroup;
			children = (
				E856C59342FFB1CD6308BEED /* Pods_Plogging.framework */,
				D7A39D6CF0AD8CE6D114CE44 /* Pods_Plogging_PloggingUITests.framework */,
				F3CDF2AE3387C243FE395B79 /* Pods_PloggingTests.framework */,
			);
			name = Frameworks;
			sourceTree = "<group>";
		};
		1C2184DD25B75B260076CD14 /* Onboarding */ = {
			isa = PBXGroup;
			children = (
				1C2184DE25B75B800076CD14 /* OnboardingViewController.swift */,
				1C2184E325B75C880076CD14 /* Onboarding.storyboard */,
			);
			path = Onboarding;
			sourceTree = "<group>";
		};
		1C21851525B8B74A0076CD14 /* PopUp */ = {
			isa = PBXGroup;
			children = (
				1C21851625B8B7560076CD14 /* PopUp.storyboard */,
				1C21851B25B8B7630076CD14 /* PopUpViewController.swift */,
			);
			path = PopUp;
			sourceTree = "<group>";
		};
		1C31C03625C5B9A000413EBB /* Protocol */ = {
			isa = PBXGroup;
			children = (
				1C31C03725C5BA3D00413EBB /* Protocol+LoginValidation.swift */,
				1C9A3A9C25CDCA5F00668058 /* Protocol+NibLodable.swift */,
				1C9A3A9E25CDCA7800668058 /* Protocol+ReusableCell.swift */,
				9B2A87E725D952F3008EC772 /* Protocol+PagingParsable.swift */,
				1C5B0E0825D6FDFB008560FA /* Protocol+RefreshCellDelegate.swift */,
			);
			path = Protocol;
			sourceTree = "<group>";
		};
		1C5A68BA25BF238900F096A9 /* View */ = {
			isa = PBXGroup;
			children = (
				9B671DF225AE0DB700B0B415 /* Ranking.storyboard */,
				1CE928D525BDD0980083FB62 /* RankingTableViewCell.swift */,
				1CE928D625BDD0980083FB62 /* RankingTableViewCell.xib */,
				1C5A68BC25BF25A100F096A9 /* MyRankingTableViewCell.swift */,
				1C5A68BD25BF25A100F096A9 /* MyRankingTableViewCell.xib */,
				1C31C03025C54FEC00413EBB /* RankingRefreshTableViewCell.swift */,
				1C31C03125C54FEC00413EBB /* RankingRefreshTableViewCell.xib */,
				1C5B0E0F25D95CBB008560FA /* RankingDetailCollectionViewCell.swift */,
				1C5B0E1025D95CBB008560FA /* RankingDetailCollectionViewCell.xib */,
			);
			path = View;
			sourceTree = "<group>";
		};
		1C5A68BB25BF239D00F096A9 /* Controller */ = {
			isa = PBXGroup;
			children = (
				9B671E0125AE0DE900B0B415 /* RankingViewController.swift */,
				1CB62E4E25DA70EF00330B4A /* RankingPhotoViewController.swift */,
			);
			path = Controller;
			sourceTree = "<group>";
		};
		1C5B304C25A6077700413115 /* Enum */ = {
			isa = PBXGroup;
			children = (
				1C5B304D25A6079700413115 /* Enum+URL.swift */,
				9B5A32B625AEAAE90061A361 /* Enum+MainTab.swift */,
				1C21852925B8C3480076CD14 /* Enum+PopUp.swift */,
				1C5EDBFB25BC6A8400C156A9 /* Enum+Storyboard.swift */,
				3D51A319758A8CAEF5A862D8 /* Enum+TrashType.swift */,
			);
			path = Enum;
			sourceTree = "<group>";
		};
		1C5C000225C46B30003144B1 /* Model */ = {
			isa = PBXGroup;
			children = (
				1C5C000325C46B30003144B1 /* SNSLoginData.swift */,
			);
			path = Model;
			sourceTree = "<group>";
		};
		1C5C000425C46B31003144B1 /* View */ = {
			isa = PBXGroup;
			children = (
				1C5C000525C46B31003144B1 /* SNSLogin.storyboard */,
			);
			path = View;
			sourceTree = "<group>";
		};
		1C5CFFFE25C46B30003144B1 /* Controller */ = {
			isa = PBXGroup;
			children = (
				1C5CFFFF25C46B30003144B1 /* SignUpViewController.swift */,
				1C5C000025C46B30003144B1 /* LoginViewController.swift */,
				1C5C000125C46B30003144B1 /* SNSLoginViewController.swift */,
				1C31C03425C5B60800413EBB /* FindPasswordViewController.swift */,
				1C31C03925C5C28C00413EBB /* NickNameViewController.swift */,
				1CBC5D4525C9DAB700531EF2 /* PasswordCompletionViewController.swift */,
			);
			path = Controller;
			sourceTree = "<group>";
		};
		1C88A44925CC65DD003E979D /* View */ = {
			isa = PBXGroup;
			children = (
				1C88A44A25CC65DD003E979D /* MyPage.storyboard */,
			);
			path = View;
			sourceTree = "<group>";
		};
		1C88A44B25CC65DD003E979D /* Controller */ = {
			isa = PBXGroup;
			children = (
				1C88A44C25CC65DD003E979D /* MyPageViewController.swift */,
				9B34767525D044D3000144EC /* PloggingDetailInfoViewController.swift */,
				9B00B3B225D26D7F006427DE /* SettingViewController.swift */,
				9B00B3B425D28581006427DE /* ChangePasswordViewController.swift */,
				9B00B3B625D289A5006427DE /* DeleteUserViewController.swift */,
			);
			path = Controller;
			sourceTree = "<group>";
		};
		1C8B320D25C48FCF0021A88D /* View */ = {
			isa = PBXGroup;
			children = (
				9B671DFC25AE0DD800B0B415 /* Plogging.storyboard */,
			);
			path = View;
			sourceTree = "<group>";
		};
		1C8B320E25C48FD40021A88D /* Controller */ = {
			isa = PBXGroup;
			children = (
				9B671E0625AE0DF700B0B415 /* PloggingViewController.swift */,
				9B2C333625B8787800EB5B87 /* PloggingMainViewController.swift */,
			);
			path = Controller;
			sourceTree = "<group>";
		};
		1C8B320F25C48FFD0021A88D /* Model */ = {
			isa = PBXGroup;
			children = (
				1CBE98A325AF25A100CC247A /* PloggingInfo.swift */,
				1CC281DB25B4C117003FBCCD /* PloggingUser.swift */,
				1C5B0E0A25D704B0008560FA /* PloggingUserInfo.swift */,
				9B2A87EE25DA2F4E008EC772 /* PloggingResultScore.swift */,
				9B8A434B25DB90CA00CD6F92 /* PloggingResultBasicInfo.swift */,
			);
			path = Model;
			sourceTree = "<group>";
		};
		1CA065E125CC730D00AEA836 /* Model */ = {
			isa = PBXGroup;
			children = (
				1CA065E225CC731A00AEA836 /* RankingGlobal.swift */,
				1CA065E425CC73AD00AEA836 /* RankingUser.swift */,
			);
			path = Model;
			sourceTree = "<group>";
		};
		1CBE988925AC757B00CC247A /* Networking */ = {
			isa = PBXGroup;
			children = (
				1CBE988A25AC76AE00CC247A /* APICollection.swift */,
				1CBE988F25AC7B4800CC247A /* BaseURL.swift */,
				1CBE98AB25AF2DFA00CC247A /* APIError.swift */,
				1C5B0DDA25D428D9008560FA /* Cookie.swift */,
				9B2A87ED25D9A06D008EC772 /* Paging */,
			);
			path = Networking;
			sourceTree = "<group>";
		};
		1CC08DBA25A4B55B00EE3505 /* SignInSignUp */ = {
			isa = PBXGroup;
			children = (
				1C5CFFFE25C46B30003144B1 /* Controller */,
				1C5C000225C46B30003144B1 /* Model */,
				1C5C000425C46B31003144B1 /* View */,
				1C2184DD25B75B260076CD14 /* Onboarding */,
				1C5B306D25A6A04700413115 /* SNSLoginManager.swift */,
			);
			path = SignInSignUp;
			sourceTree = "<group>";
		};
		1CC08DD925A5D55400EE3505 /* Common */ = {
			isa = PBXGroup;
			children = (
				1C31C03625C5B9A000413EBB /* Protocol */,
				1CBE988925AC757B00CC247A /* Networking */,
				1C21851525B8B74A0076CD14 /* PopUp */,
				1C5B304C25A6077700413115 /* Enum */,
				1CC08DDA25A5D55C00EE3505 /* Extension */,
				1C5B304725A604E100413115 /* APIKey.swift */,
				9B51A63525B5C998000AA9FA /* DeviceInfo.swift */,
				1CB62E5025DAC76000330B4A /* PloggingUserData.swift */,
			);
			path = Common;
			sourceTree = "<group>";
		};
		1CC08DDA25A5D55C00EE3505 /* Extension */ = {
			isa = PBXGroup;
			children = (
				9B671CC825AC99DC00B0B415 /* Extension+UIImage.swift */,
				1CC08DDB25A5D56D00EE3505 /* Extension+UIViewController.swift */,
				1CC281BD25B4B121003FBCCD /* Extension+UIButton.swift */,
				1C2184EB25B770130076CD14 /* Extension+String.swift */,
				1C2184F025B8A5590076CD14 /* Extension+UIColor.swift */,
				1C9A3AA025CDCAA400668058 /* Extension+UICollectionView.swift */,
				1C9A3AA225CDCAC100668058 /* Extension+UITableView.swift */,
				1C11C37025DB0967001BEF00 /* Extension+NotificationName.swift */,
			);
			path = Extension;
			sourceTree = "<group>";
		};
		3D51A0932B7C1EAA461372FD /* GPS */ = {
			isa = PBXGroup;
			children = (
				3D51A4D3DA91775A4DCD9228 /* PathManager.swift */,
				3D51ACE379B1C576394FBFBD /* Backup.xcdatamodeld */,
				3D51A98D1552E6F9909BEE64 /* BackupManager.swift */,
				3D51AD8E76137E276058699E /* Path+CoreDataClass.swift */,
				3D51A3DF16E287DEFCCE586D /* Extension+PathManager.swift */,
			);
			path = GPS;
			sourceTree = "<group>";
		};
		3D51A116D1A5FDF36A142DBA /* View */ = {
			isa = PBXGroup;
			children = (
				3D51A519B74075540D997C55 /* PloggingMain.storyboard */,
				3D51A18261F83D559B72B3ED /* Component */,
			);
			path = View;
			sourceTree = "<group>";
		};
		3D51A18261F83D559B72B3ED /* Component */ = {
			isa = PBXGroup;
			children = (
				3D51AA7DB7C490898DCDC735 /* SummeryItem.swift */,
				3D51A64BE30481EF1230392E /* ConfirmButton.swift */,
				3D51A493A898FCFF87F5D116 /* IntroduceModalItem.swift */,
				3D51A5C5518A2AA16488BB30 /* PickTrashItem.xib */,
				3D51A47619BE25D47FEC1CCC /* PickTrashItem.swift */,
			);
			path = Component;
			sourceTree = "<group>";
		};
		3D51AF8FFDDB42FBC0C207CD /* PloggingMain */ = {
			isa = PBXGroup;
			children = (
				3D51A116D1A5FDF36A142DBA /* View */,
				3D51AFDCB8D1E6E563615DDD /* Controller */,
			);
			path = PloggingMain;
			sourceTree = "<group>";
		};
		3D51AFDCB8D1E6E563615DDD /* Controller */ = {
			isa = PBXGroup;
			children = (
				7ABFEFE925D53BEA007D5B76 /* WaitingScreenViewController.swift */,
				3D51A40EDF721D23827E5FD1 /* PloggingIntroduceModalViewController.swift */,
				3D51A29DC232990A31871B96 /* PloggingPickTrashViewController.swift */,
				3D51A1AAB16BC9DC4AF03783 /* PloggingRunningInfoViewController.swift */,
				3D51A2A040514A1E6549B7D1 /* PloggingStartViewController.swift */,
			);
			path = Controller;
			sourceTree = "<group>";
		};
		4D6400549CE8260A84A282DF /* Pods */ = {
			isa = PBXGroup;
			children = (
				DEDEEAC80DEAF97F6FF39C26 /* Pods-Plogging.debug.xcconfig */,
				058AAAADA6D7E64EADC3F4D0 /* Pods-Plogging.release.xcconfig */,
				2A0ABABA99B77BC2068FB18E /* Pods-Plogging-PloggingUITests.debug.xcconfig */,
				1246B8379D611882CCB23B19 /* Pods-Plogging-PloggingUITests.release.xcconfig */,
				F9F72661C993D638D6ACD8F4 /* Pods-PloggingTests.debug.xcconfig */,
				B30387023FB6701DA6D40B34 /* Pods-PloggingTests.release.xcconfig */,
			);
			path = Pods;
			sourceTree = "<group>";
		};
		9B01587625A0CB15003D3B7B = {
			isa = PBXGroup;
			children = (
				9B01588125A0CB15003D3B7B /* Plogging */,
				9B01589825A0CB1A003D3B7B /* PloggingTests */,
				9B0158A325A0CB1A003D3B7B /* PloggingUITests */,
				9B01588025A0CB15003D3B7B /* Products */,
				4D6400549CE8260A84A282DF /* Pods */,
				0D3991AC06B393D10B2A9FFE /* Frameworks */,
			);
			sourceTree = "<group>";
		};
		9B01588025A0CB15003D3B7B /* Products */ = {
			isa = PBXGroup;
			children = (
				9B01587F25A0CB15003D3B7B /* Plogging.app */,
				9B01589525A0CB1A003D3B7B /* PloggingTests.xctest */,
				9B0158A025A0CB1A003D3B7B /* PloggingUITests.xctest */,
			);
			name = Products;
			sourceTree = "<group>";
		};
		9B01588125A0CB15003D3B7B /* Plogging */ = {
			isa = PBXGroup;
			children = (
				1C39979925A77CAD0077E19B /* PloggingDebug.entitlements */,
				1C5B305525A6099700413115 /* PloggingRelease.entitlements */,
				9B5A33AA25AF40140061A361 /* Main */,
				1CC08DD925A5D55400EE3505 /* Common */,
				1CC08DBA25A4B55B00EE3505 /* SignInSignUp */,
				9B671DEF25AE0CDC00B0B415 /* Ranking */,
				9B671DF125AE0D1600B0B415 /* Plogging */,
				9B671DF025AE0D0400B0B415 /* My Page */,
				9B5A32E325AEB1170061A361 /* Supporting Files */,
				3D51A0932B7C1EAA461372FD /* GPS */,
			);
			path = Plogging;
			sourceTree = "<group>";
		};
		9B01589825A0CB1A003D3B7B /* PloggingTests */ = {
			isa = PBXGroup;
			children = (
				9B01589925A0CB1A003D3B7B /* PloggingTests.swift */,
				9B01589B25A0CB1A003D3B7B /* Info.plist */,
			);
			path = PloggingTests;
			sourceTree = "<group>";
		};
		9B0158A325A0CB1A003D3B7B /* PloggingUITests */ = {
			isa = PBXGroup;
			children = (
				9B0158A425A0CB1A003D3B7B /* PloggingUITests.swift */,
				9B0158A625A0CB1A003D3B7B /* Info.plist */,
			);
			path = PloggingUITests;
			sourceTree = "<group>";
		};
		9B0C235125A4D62F0084D27B /* Plogging Result */ = {
			isa = PBXGroup;
			children = (
				9B32B5AC25C27F4900CB25C0 /* Model */,
				9BBFF19325C5608200D6636E /* View */,
				9BBFF19425C5609200D6636E /* Controller */,
				9B0C238725A6EF250084D27B /* Image Render */,
			);
			path = "Plogging Result";
			sourceTree = "<group>";
		};
		9B0C238725A6EF250084D27B /* Image Render */ = {
			isa = PBXGroup;
			children = (
				9B0C238F25A6F1540084D27B /* ImageRenderingMaker.swift */,
				9B0C239425A6F18A0084D27B /* PloggingResultImageMaker.swift */,
				9B0C238A25A6F0680084D27B /* PloggingInfoViewCreater.swift */,
			);
			path = "Image Render";
			sourceTree = "<group>";
		};
		9B14C10A25BC660E0066B2B5 /* Font */ = {
			isa = PBXGroup;
			children = (
				9BF729D925BF315E008ABEBF /* SFProDisplay-Black.ttf */,
				9B14C10C25BC6A4B0066B2B5 /* AppleSDGothicNeoEB.ttf */,
				9B14C10B25BC6A3F0066B2B5 /* AppleSDGothicNeoH.ttf */,
			);
			path = Font;
			sourceTree = "<group>";
		};
		9B2A87ED25D9A06D008EC772 /* Paging */ = {
			isa = PBXGroup;
			children = (
				9B3F9DA625D7A69100E41F95 /* PagingDataSource.swift */,
				9B2A87EB25D99F4E008EC772 /* MypageParser.swift */,
			);
			path = Paging;
			sourceTree = "<group>";
		};
		9B32B5AC25C27F4900CB25C0 /* Model */ = {
			isa = PBXGroup;
			children = (
				9B661B9525B8292F008EA09D /* SegueIdentifier.swift */,
				9B32B58E25C1DD0C00CB25C0 /* TrashCountCell.swift */,
			);
			path = Model;
			sourceTree = "<group>";
		};
		9B5A32E325AEB1170061A361 /* Supporting Files */ = {
			isa = PBXGroup;
			children = (
				9B14C10A25BC660E0066B2B5 /* Font */,
				9B01588225A0CB15003D3B7B /* AppDelegate.swift */,
				9B01588425A0CB15003D3B7B /* SceneDelegate.swift */,
				9B01588B25A0CB19003D3B7B /* Assets.xcassets */,
				9B01588D25A0CB19003D3B7B /* LaunchScreen.storyboard */,
				9B01589025A0CB19003D3B7B /* Info.plist */,
			);
			path = "Supporting Files";
			sourceTree = "<group>";
		};
		9B5A33AA25AF40140061A361 /* Main */ = {
			isa = PBXGroup;
			children = (
				9B01588625A0CB15003D3B7B /* MainViewController.swift */,
				9B01588825A0CB15003D3B7B /* Main.storyboard */,
			);
			path = Main;
			sourceTree = "<group>";
		};
		9B671DEF25AE0CDC00B0B415 /* Ranking */ = {
			isa = PBXGroup;
			children = (
				1CA065E125CC730D00AEA836 /* Model */,
				1C5A68BB25BF239D00F096A9 /* Controller */,
				1C5A68BA25BF238900F096A9 /* View */,
			);
			path = Ranking;
			sourceTree = "<group>";
		};
		9B671DF025AE0D0400B0B415 /* My Page */ = {
			isa = PBXGroup;
			children = (
				1C88A44B25CC65DD003E979D /* Controller */,
				1C88A44925CC65DD003E979D /* View */,
				9BBFF19825C9470F00D6636E /* Model */,
			);
			path = "My Page";
			sourceTree = "<group>";
		};
		9B671DF125AE0D1600B0B415 /* Plogging */ = {
			isa = PBXGroup;
			children = (
				1C8B320F25C48FFD0021A88D /* Model */,
				1C8B320D25C48FCF0021A88D /* View */,
				1C8B320E25C48FD40021A88D /* Controller */,
				9B0C235125A4D62F0084D27B /* Plogging Result */,
				3D51AF8FFDDB42FBC0C207CD /* PloggingMain */,
			);
			path = Plogging;
			sourceTree = "<group>";
		};
		9BBFF19325C5608200D6636E /* View */ = {
			isa = PBXGroup;
			children = (
				9B0C235225A4DA010084D27B /* PloggingResult.storyboard */,
			);
			path = View;
			sourceTree = "<group>";
		};
		9BBFF19425C5609200D6636E /* Controller */ = {
			isa = PBXGroup;
			children = (
				9B51A5C425B32C2B000AA9FA /* PloggingResultViewController.swift */,
				9B51A5AB25B20FD8000AA9FA /* CameraViewController.swift */,
				9B0C235725A4DA1D0084D27B /* PloggingResultPhotoViewController.swift */,
			);
			path = Controller;
			sourceTree = "<group>";
		};
		9BBFF19825C9470F00D6636E /* Model */ = {
			isa = PBXGroup;
			children = (
				9BBFF19925C9479200D6636E /* PloggingResultPhotoCell.swift */,
			);
			path = Model;
			sourceTree = "<group>";
		};
/* End PBXGroup section */

/* Begin PBXNativeTarget section */
		9B01587E25A0CB15003D3B7B /* Plogging */ = {
			isa = PBXNativeTarget;
			buildConfigurationList = 9B0158A925A0CB1A003D3B7B /* Build configuration list for PBXNativeTarget "Plogging" */;
			buildPhases = (
				330E060F28C37718EF9AE7B9 /* [CP] Check Pods Manifest.lock */,
				9B01587B25A0CB15003D3B7B /* Sources */,
				9B01587C25A0CB15003D3B7B /* Frameworks */,
				9B01587D25A0CB15003D3B7B /* Resources */,
				56E84A27D5286597AE67BFDD /* [CP] Embed Pods Frameworks */,
			);
			buildRules = (
			);
			dependencies = (
			);
			name = Plogging;
			productName = Plogging;
			productReference = 9B01587F25A0CB15003D3B7B /* Plogging.app */;
			productType = "com.apple.product-type.application";
		};
		9B01589425A0CB1A003D3B7B /* PloggingTests */ = {
			isa = PBXNativeTarget;
			buildConfigurationList = 9B0158AC25A0CB1A003D3B7B /* Build configuration list for PBXNativeTarget "PloggingTests" */;
			buildPhases = (
				2814AECC5BB4C75DBCCC6616 /* [CP] Check Pods Manifest.lock */,
				9B01589125A0CB1A003D3B7B /* Sources */,
				9B01589225A0CB1A003D3B7B /* Frameworks */,
				9B01589325A0CB1A003D3B7B /* Resources */,
			);
			buildRules = (
			);
			dependencies = (
				9B01589725A0CB1A003D3B7B /* PBXTargetDependency */,
			);
			name = PloggingTests;
			productName = PloggingTests;
			productReference = 9B01589525A0CB1A003D3B7B /* PloggingTests.xctest */;
			productType = "com.apple.product-type.bundle.unit-test";
		};
		9B01589F25A0CB1A003D3B7B /* PloggingUITests */ = {
			isa = PBXNativeTarget;
			buildConfigurationList = 9B0158AF25A0CB1A003D3B7B /* Build configuration list for PBXNativeTarget "PloggingUITests" */;
			buildPhases = (
				7FA86B1B78CA44A88E78B320 /* [CP] Check Pods Manifest.lock */,
				9B01589C25A0CB1A003D3B7B /* Sources */,
				9B01589D25A0CB1A003D3B7B /* Frameworks */,
				9B01589E25A0CB1A003D3B7B /* Resources */,
				8C38528B5F600A6A6B27C0B5 /* [CP] Embed Pods Frameworks */,
			);
			buildRules = (
			);
			dependencies = (
				9B0158A225A0CB1A003D3B7B /* PBXTargetDependency */,
			);
			name = PloggingUITests;
			productName = PloggingUITests;
			productReference = 9B0158A025A0CB1A003D3B7B /* PloggingUITests.xctest */;
			productType = "com.apple.product-type.bundle.ui-testing";
		};
/* End PBXNativeTarget section */

/* Begin PBXProject section */
		9B01587725A0CB15003D3B7B /* Project object */ = {
			isa = PBXProject;
			attributes = {
				LastSwiftUpdateCheck = 1200;
				LastUpgradeCheck = 1200;
				TargetAttributes = {
					9B01587E25A0CB15003D3B7B = {
						CreatedOnToolsVersion = 12.0.1;
					};
					9B01589425A0CB1A003D3B7B = {
						CreatedOnToolsVersion = 12.0.1;
						TestTargetID = 9B01587E25A0CB15003D3B7B;
					};
					9B01589F25A0CB1A003D3B7B = {
						CreatedOnToolsVersion = 12.0.1;
						TestTargetID = 9B01587E25A0CB15003D3B7B;
					};
				};
			};
			buildConfigurationList = 9B01587A25A0CB15003D3B7B /* Build configuration list for PBXProject "Plogging" */;
			compatibilityVersion = "Xcode 9.3";
			developmentRegion = en;
			hasScannedForEncodings = 0;
			knownRegions = (
				en,
				Base,
			);
			mainGroup = 9B01587625A0CB15003D3B7B;
			productRefGroup = 9B01588025A0CB15003D3B7B /* Products */;
			projectDirPath = "";
			projectRoot = "";
			targets = (
				9B01587E25A0CB15003D3B7B /* Plogging */,
				9B01589425A0CB1A003D3B7B /* PloggingTests */,
				9B01589F25A0CB1A003D3B7B /* PloggingUITests */,
			);
		};
/* End PBXProject section */

/* Begin PBXResourcesBuildPhase section */
		9B01587D25A0CB15003D3B7B /* Resources */ = {
			isa = PBXResourcesBuildPhase;
			buildActionMask = 2147483647;
			files = (
				1C5B0E1225D95CBB008560FA /* RankingDetailCollectionViewCell.xib in Resources */,
				9B0C235325A4DA010084D27B /* PloggingResult.storyboard in Resources */,
				9B01588F25A0CB19003D3B7B /* LaunchScreen.storyboard in Resources */,
				1C5A68BF25BF25A100F096A9 /* MyRankingTableViewCell.xib in Resources */,
				1C5C000A25C46B31003144B1 /* SNSLogin.storyboard in Resources */,
				9B01588C25A0CB19003D3B7B /* Assets.xcassets in Resources */,
				1C21851725B8B7560076CD14 /* PopUp.storyboard in Resources */,
				9B01588A25A0CB15003D3B7B /* Main.storyboard in Resources */,
				9B671DFD25AE0DD800B0B415 /* Plogging.storyboard in Resources */,
				9B14C11F25BC6A520066B2B5 /* AppleSDGothicNeoH.ttf in Resources */,
				9BF729DA25BF3193008ABEBF /* SFProDisplay-Black.ttf in Resources */,
				9B671DF325AE0DB700B0B415 /* Ranking.storyboard in Resources */,
				9B14C10D25BC6A4F0066B2B5 /* AppleSDGothicNeoEB.ttf in Resources */,
				9B671DF325AE0DB700B0B415 /* Ranking.storyboard in Resources */,
				1C31C03325C54FEC00413EBB /* RankingRefreshTableViewCell.xib in Resources */,
				1C88A44D25CC65DD003E979D /* MyPage.storyboard in Resources */,
				1CE928D825BDD0980083FB62 /* RankingTableViewCell.xib in Resources */,
				1C2184E425B75C880076CD14 /* Onboarding.storyboard in Resources */,
				3D51A575613680B1D137A894 /* PloggingMain.storyboard in Resources */,
				3D51A8C85F928A82EC7E3ECE /* PickTrashItem.xib in Resources */,
			);
			runOnlyForDeploymentPostprocessing = 0;
		};
		9B01589325A0CB1A003D3B7B /* Resources */ = {
			isa = PBXResourcesBuildPhase;
			buildActionMask = 2147483647;
			files = (
			);
			runOnlyForDeploymentPostprocessing = 0;
		};
		9B01589E25A0CB1A003D3B7B /* Resources */ = {
			isa = PBXResourcesBuildPhase;
			buildActionMask = 2147483647;
			files = (
			);
			runOnlyForDeploymentPostprocessing = 0;
		};
/* End PBXResourcesBuildPhase section */

/* Begin PBXShellScriptBuildPhase section */
		2814AECC5BB4C75DBCCC6616 /* [CP] Check Pods Manifest.lock */ = {
			isa = PBXShellScriptBuildPhase;
			buildActionMask = 2147483647;
			files = (
			);
			inputFileListPaths = (
			);
			inputPaths = (
				"${PODS_PODFILE_DIR_PATH}/Podfile.lock",
				"${PODS_ROOT}/Manifest.lock",
			);
			name = "[CP] Check Pods Manifest.lock";
			outputFileListPaths = (
			);
			outputPaths = (
				"$(DERIVED_FILE_DIR)/Pods-PloggingTests-checkManifestLockResult.txt",
			);
			runOnlyForDeploymentPostprocessing = 0;
			shellPath = /bin/sh;
			shellScript = "diff \"${PODS_PODFILE_DIR_PATH}/Podfile.lock\" \"${PODS_ROOT}/Manifest.lock\" > /dev/null\nif [ $? != 0 ] ; then\n    # print error to STDERR\n    echo \"error: The sandbox is not in sync with the Podfile.lock. Run 'pod install' or update your CocoaPods installation.\" >&2\n    exit 1\nfi\n# This output is used by Xcode 'outputs' to avoid re-running this script phase.\necho \"SUCCESS\" > \"${SCRIPT_OUTPUT_FILE_0}\"\n";
			showEnvVarsInLog = 0;
		};
		330E060F28C37718EF9AE7B9 /* [CP] Check Pods Manifest.lock */ = {
			isa = PBXShellScriptBuildPhase;
			buildActionMask = 2147483647;
			files = (
			);
			inputFileListPaths = (
			);
			inputPaths = (
				"${PODS_PODFILE_DIR_PATH}/Podfile.lock",
				"${PODS_ROOT}/Manifest.lock",
			);
			name = "[CP] Check Pods Manifest.lock";
			outputFileListPaths = (
			);
			outputPaths = (
				"$(DERIVED_FILE_DIR)/Pods-Plogging-checkManifestLockResult.txt",
			);
			runOnlyForDeploymentPostprocessing = 0;
			shellPath = /bin/sh;
			shellScript = "diff \"${PODS_PODFILE_DIR_PATH}/Podfile.lock\" \"${PODS_ROOT}/Manifest.lock\" > /dev/null\nif [ $? != 0 ] ; then\n    # print error to STDERR\n    echo \"error: The sandbox is not in sync with the Podfile.lock. Run 'pod install' or update your CocoaPods installation.\" >&2\n    exit 1\nfi\n# This output is used by Xcode 'outputs' to avoid re-running this script phase.\necho \"SUCCESS\" > \"${SCRIPT_OUTPUT_FILE_0}\"\n";
			showEnvVarsInLog = 0;
		};
		56E84A27D5286597AE67BFDD /* [CP] Embed Pods Frameworks */ = {
			isa = PBXShellScriptBuildPhase;
			buildActionMask = 2147483647;
			files = (
			);
			inputFileListPaths = (
				"${PODS_ROOT}/Target Support Files/Pods-Plogging/Pods-Plogging-frameworks-${CONFIGURATION}-input-files.xcfilelist",
			);
			name = "[CP] Embed Pods Frameworks";
			outputFileListPaths = (
				"${PODS_ROOT}/Target Support Files/Pods-Plogging/Pods-Plogging-frameworks-${CONFIGURATION}-output-files.xcfilelist",
			);
			runOnlyForDeploymentPostprocessing = 0;
			shellPath = /bin/sh;
			shellScript = "\"${PODS_ROOT}/Target Support Files/Pods-Plogging/Pods-Plogging-frameworks.sh\"\n";
			showEnvVarsInLog = 0;
		};
		7FA86B1B78CA44A88E78B320 /* [CP] Check Pods Manifest.lock */ = {
			isa = PBXShellScriptBuildPhase;
			buildActionMask = 2147483647;
			files = (
			);
			inputFileListPaths = (
			);
			inputPaths = (
				"${PODS_PODFILE_DIR_PATH}/Podfile.lock",
				"${PODS_ROOT}/Manifest.lock",
			);
			name = "[CP] Check Pods Manifest.lock";
			outputFileListPaths = (
			);
			outputPaths = (
				"$(DERIVED_FILE_DIR)/Pods-Plogging-PloggingUITests-checkManifestLockResult.txt",
			);
			runOnlyForDeploymentPostprocessing = 0;
			shellPath = /bin/sh;
			shellScript = "diff \"${PODS_PODFILE_DIR_PATH}/Podfile.lock\" \"${PODS_ROOT}/Manifest.lock\" > /dev/null\nif [ $? != 0 ] ; then\n    # print error to STDERR\n    echo \"error: The sandbox is not in sync with the Podfile.lock. Run 'pod install' or update your CocoaPods installation.\" >&2\n    exit 1\nfi\n# This output is used by Xcode 'outputs' to avoid re-running this script phase.\necho \"SUCCESS\" > \"${SCRIPT_OUTPUT_FILE_0}\"\n";
			showEnvVarsInLog = 0;
		};
		8C38528B5F600A6A6B27C0B5 /* [CP] Embed Pods Frameworks */ = {
			isa = PBXShellScriptBuildPhase;
			buildActionMask = 2147483647;
			files = (
			);
			inputFileListPaths = (
				"${PODS_ROOT}/Target Support Files/Pods-Plogging-PloggingUITests/Pods-Plogging-PloggingUITests-frameworks-${CONFIGURATION}-input-files.xcfilelist",
			);
			name = "[CP] Embed Pods Frameworks";
			outputFileListPaths = (
				"${PODS_ROOT}/Target Support Files/Pods-Plogging-PloggingUITests/Pods-Plogging-PloggingUITests-frameworks-${CONFIGURATION}-output-files.xcfilelist",
			);
			runOnlyForDeploymentPostprocessing = 0;
			shellPath = /bin/sh;
			shellScript = "\"${PODS_ROOT}/Target Support Files/Pods-Plogging-PloggingUITests/Pods-Plogging-PloggingUITests-frameworks.sh\"\n";
			showEnvVarsInLog = 0;
		};
/* End PBXShellScriptBuildPhase section */

/* Begin PBXSourcesBuildPhase section */
		9B01587B25A0CB15003D3B7B /* Sources */ = {
			isa = PBXSourcesBuildPhase;
			buildActionMask = 2147483647;
			files = (
				7ABFEFEA25D53BEA007D5B76 /* WaitingScreenViewController.swift in Sources */,
				1CB62E5125DAC76000330B4A /* PloggingUserData.swift in Sources */,
				1C31C03225C54FEC00413EBB /* RankingRefreshTableViewCell.swift in Sources */,
				1CBE98A425AF25A100CC247A /* PloggingInfo.swift in Sources */,
				9B671CC425AC99B100B0B415 /* PloggingResultImageMaker.swift in Sources */,
				1C31C03825C5BA3D00413EBB /* Protocol+LoginValidation.swift in Sources */,
				1C9A3AA125CDCAA400668058 /* Extension+UICollectionView.swift in Sources */,
				1C5B0E0B25D704B0008560FA /* PloggingUserInfo.swift in Sources */,
				1C5C000825C46B31003144B1 /* SNSLoginViewController.swift in Sources */,
				9B0C238B25A6F0680084D27B /* PloggingInfoViewCreater.swift in Sources */,
				1C5B0DDB25D428DA008560FA /* Cookie.swift in Sources */,
				1CE928D725BDD0980083FB62 /* RankingTableViewCell.swift in Sources */,
				9B0C235825A4DA1D0084D27B /* PloggingResultPhotoViewController.swift in Sources */,
				9B0C239025A6F1540084D27B /* ImageRenderingMaker.swift in Sources */,
				1C5B0E0925D6FDFB008560FA /* Protocol+RefreshCellDelegate.swift in Sources */,
				9B2C333725B8787800EB5B87 /* PloggingMainViewController.swift in Sources */,
				9B661B9625B8292F008EA09D /* SegueIdentifier.swift in Sources */,
				9B8A434C25DB90CA00CD6F92 /* PloggingResultBasicInfo.swift in Sources */,
				9B01588725A0CB15003D3B7B /* MainViewController.swift in Sources */,
				1C5B304E25A6079700413115 /* Enum+URL.swift in Sources */,
				9B32B58F25C1DD0C00CB25C0 /* TrashCountCell.swift in Sources */,
				9B2A87E825D952F3008EC772 /* Protocol+PagingParsable.swift in Sources */,
				1CC281BE25B4B121003FBCCD /* Extension+UIButton.swift in Sources */,
				9B01588325A0CB15003D3B7B /* AppDelegate.swift in Sources */,
				1C31C03525C5B60800413EBB /* FindPasswordViewController.swift in Sources */,
				9B01588525A0CB15003D3B7B /* SceneDelegate.swift in Sources */,
				1CBE988B25AC76AE00CC247A /* APICollection.swift in Sources */,
				1C31C03A25C5C28C00413EBB /* NickNameViewController.swift in Sources */,
				1CC281DC25B4C118003FBCCD /* PloggingUser.swift in Sources */,
				9B51A63625B5C998000AA9FA /* DeviceInfo.swift in Sources */,
				1C5B306E25A6A04700413115 /* SNSLoginManager.swift in Sources */,
				1CA065E525CC73AD00AEA836 /* RankingUser.swift in Sources */,
				1C2184EC25B770130076CD14 /* Extension+String.swift in Sources */,
				1C5A68BE25BF25A100F096A9 /* MyRankingTableViewCell.swift in Sources */,
				9B2A87EF25DA2F4E008EC772 /* PloggingResultScore.swift in Sources */,
				1CA065E325CC731A00AEA836 /* RankingGlobal.swift in Sources */,
				9BBFF19A25C9479400D6636E /* PloggingResultPhotoCell.swift in Sources */,
				1C5C000925C46B31003144B1 /* SNSLoginData.swift in Sources */,
				9B51A5C525B32C2B000AA9FA /* PloggingResultViewController.swift in Sources */,
				9B671E0225AE0DE900B0B415 /* RankingViewController.swift in Sources */,
				9B2A87EC25D99F4E008EC772 /* MypageParser.swift in Sources */,
				9B34767625D044D3000144EC /* PloggingDetailInfoViewController.swift in Sources */,
				1C2184F125B8A5590076CD14 /* Extension+UIColor.swift in Sources */,
				1C21852A25B8C3480076CD14 /* Enum+PopUp.swift in Sources */,
				9B5A32B725AEAAEA0061A361 /* Enum+MainTab.swift in Sources */,
				1C21851C25B8B7630076CD14 /* PopUpViewController.swift in Sources */,
				1CB62E4F25DA70EF00330B4A /* RankingPhotoViewController.swift in Sources */,
				9B00B3B725D289A5006427DE /* DeleteUserViewController.swift in Sources */,
				9B671E0725AE0DF700B0B415 /* PloggingViewController.swift in Sources */,
				1C9A3AA325CDCAC100668058 /* Extension+UITableView.swift in Sources */,
				1CC08DDC25A5D56D00EE3505 /* Extension+UIViewController.swift in Sources */,
				1C5EDBFC25BC6A8400C156A9 /* Enum+Storyboard.swift in Sources */,
				1C9A3A9F25CDCA7800668058 /* Protocol+ReusableCell.swift in Sources */,
				1C2184DF25B75B800076CD14 /* OnboardingViewController.swift in Sources */,
				9B51A5AC25B20FD8000AA9FA /* CameraViewController.swift in Sources */,
				9B51A61525B56F2C000AA9FA /* Extension+UIImage.swift in Sources */,
				1C5B304825A604E100413115 /* APIKey.swift in Sources */,
				9B00B3B525D28582006427DE /* ChangePasswordViewController.swift in Sources */,
				1C5B0E1125D95CBB008560FA /* RankingDetailCollectionViewCell.swift in Sources */,
				1C5C000625C46B31003144B1 /* SignUpViewController.swift in Sources */,
				1C5C000725C46B31003144B1 /* LoginViewController.swift in Sources */,
				9B3F9DA725D7A69200E41F95 /* PagingDataSource.swift in Sources */,
				9B00B3B325D26D7F006427DE /* SettingViewController.swift in Sources */,
				1CBE989025AC7B4800CC247A /* BaseURL.swift in Sources */,
				1CBE98AC25AF2DFA00CC247A /* APIError.swift in Sources */,
				3D51AD8E915AAF8AAAFF4F62 /* PathManager.swift in Sources */,
				3D51A410A03C5277B3E45C67 /* Backup.xcdatamodeld in Sources */,
				3D51AA95E7B3F499E2B73D56 /* BackupManager.swift in Sources */,
				3D51AEDBD61B24C16994530F /* Path+CoreDataClass.swift in Sources */,
				1C88A44E25CC65DD003E979D /* MyPageViewController.swift in Sources */,
				3D51A6FF314ACB2092B62D23 /* Extension+PathManager.swift in Sources */,
				1CBC5D4625C9DAB700531EF2 /* PasswordCompletionViewController.swift in Sources */,
				3D51A662CEEFD31F10D5EEF5 /* SummeryItem.swift in Sources */,
				1C9A3A9D25CDCA5F00668058 /* Protocol+NibLodable.swift in Sources */,
				3D51A51648641E00088FC2DA /* ConfirmButton.swift in Sources */,
				3D51AED20F7B5C12359573EB /* IntroduceModalItem.swift in Sources */,
				3D51AF47FCF97A628499C1BD /* PickTrashItem.swift in Sources */,
				1C11C37125DB0967001BEF00 /* Extension+NotificationName.swift in Sources */,
				3D51AD059BCC718FA9C3E71E /* PloggingIntroduceModalViewController.swift in Sources */,
				3D51AF8D81CBEA8D8F71D7C3 /* PloggingPickTrashViewController.swift in Sources */,
				3D51AE81ED9D529EFB23D448 /* PloggingRunningInfoViewController.swift in Sources */,
				3D51A0B8A5A8FA8D47D1553D /* PloggingStartViewController.swift in Sources */,
				3D51AE726AFED7A079E41CCD /* Enum+TrashType.swift in Sources */,
			);
			runOnlyForDeploymentPostprocessing = 0;
		};
		9B01589125A0CB1A003D3B7B /* Sources */ = {
			isa = PBXSourcesBuildPhase;
			buildActionMask = 2147483647;
			files = (
				9B01589A25A0CB1A003D3B7B /* PloggingTests.swift in Sources */,
			);
			runOnlyForDeploymentPostprocessing = 0;
		};
		9B01589C25A0CB1A003D3B7B /* Sources */ = {
			isa = PBXSourcesBuildPhase;
			buildActionMask = 2147483647;
			files = (
				9B0158A525A0CB1A003D3B7B /* PloggingUITests.swift in Sources */,
			);
			runOnlyForDeploymentPostprocessing = 0;
		};
/* End PBXSourcesBuildPhase section */

/* Begin PBXTargetDependency section */
		9B01589725A0CB1A003D3B7B /* PBXTargetDependency */ = {
			isa = PBXTargetDependency;
			target = 9B01587E25A0CB15003D3B7B /* Plogging */;
			targetProxy = 9B01589625A0CB1A003D3B7B /* PBXContainerItemProxy */;
		};
		9B0158A225A0CB1A003D3B7B /* PBXTargetDependency */ = {
			isa = PBXTargetDependency;
			target = 9B01587E25A0CB15003D3B7B /* Plogging */;
			targetProxy = 9B0158A125A0CB1A003D3B7B /* PBXContainerItemProxy */;
		};
/* End PBXTargetDependency section */

/* Begin PBXVariantGroup section */
		9B01588825A0CB15003D3B7B /* Main.storyboard */ = {
			isa = PBXVariantGroup;
			children = (
				9B01588925A0CB15003D3B7B /* Base */,
			);
			name = Main.storyboard;
			sourceTree = "<group>";
		};
		9B01588D25A0CB19003D3B7B /* LaunchScreen.storyboard */ = {
			isa = PBXVariantGroup;
			children = (
				9B01588E25A0CB19003D3B7B /* Base */,
			);
			name = LaunchScreen.storyboard;
			sourceTree = "<group>";
		};
/* End PBXVariantGroup section */

/* Begin XCBuildConfiguration section */
		9B0158A725A0CB1A003D3B7B /* Debug */ = {
			isa = XCBuildConfiguration;
			buildSettings = {
				ALWAYS_SEARCH_USER_PATHS = NO;
				CLANG_ANALYZER_NONNULL = YES;
				CLANG_ANALYZER_NUMBER_OBJECT_CONVERSION = YES_AGGRESSIVE;
				CLANG_CXX_LANGUAGE_STANDARD = "gnu++14";
				CLANG_CXX_LIBRARY = "libc++";
				CLANG_ENABLE_MODULES = YES;
				CLANG_ENABLE_OBJC_ARC = YES;
				CLANG_ENABLE_OBJC_WEAK = YES;
				CLANG_WARN_BLOCK_CAPTURE_AUTORELEASING = YES;
				CLANG_WARN_BOOL_CONVERSION = YES;
				CLANG_WARN_COMMA = YES;
				CLANG_WARN_CONSTANT_CONVERSION = YES;
				CLANG_WARN_DEPRECATED_OBJC_IMPLEMENTATIONS = YES;
				CLANG_WARN_DIRECT_OBJC_ISA_USAGE = YES_ERROR;
				CLANG_WARN_DOCUMENTATION_COMMENTS = YES;
				CLANG_WARN_EMPTY_BODY = YES;
				CLANG_WARN_ENUM_CONVERSION = YES;
				CLANG_WARN_INFINITE_RECURSION = YES;
				CLANG_WARN_INT_CONVERSION = YES;
				CLANG_WARN_NON_LITERAL_NULL_CONVERSION = YES;
				CLANG_WARN_OBJC_IMPLICIT_RETAIN_SELF = YES;
				CLANG_WARN_OBJC_LITERAL_CONVERSION = YES;
				CLANG_WARN_OBJC_ROOT_CLASS = YES_ERROR;
				CLANG_WARN_QUOTED_INCLUDE_IN_FRAMEWORK_HEADER = YES;
				CLANG_WARN_RANGE_LOOP_ANALYSIS = YES;
				CLANG_WARN_STRICT_PROTOTYPES = YES;
				CLANG_WARN_SUSPICIOUS_MOVE = YES;
				CLANG_WARN_UNGUARDED_AVAILABILITY = YES_AGGRESSIVE;
				CLANG_WARN_UNREACHABLE_CODE = YES;
				CLANG_WARN__DUPLICATE_METHOD_MATCH = YES;
				COPY_PHASE_STRIP = NO;
				DEBUG_INFORMATION_FORMAT = dwarf;
				ENABLE_STRICT_OBJC_MSGSEND = YES;
				ENABLE_TESTABILITY = YES;
				GCC_C_LANGUAGE_STANDARD = gnu11;
				GCC_DYNAMIC_NO_PIC = NO;
				GCC_NO_COMMON_BLOCKS = YES;
				GCC_OPTIMIZATION_LEVEL = 0;
				GCC_PREPROCESSOR_DEFINITIONS = (
					"DEBUG=1",
					"$(inherited)",
				);
				GCC_WARN_64_TO_32_BIT_CONVERSION = YES;
				GCC_WARN_ABOUT_RETURN_TYPE = YES_ERROR;
				GCC_WARN_UNDECLARED_SELECTOR = YES;
				GCC_WARN_UNINITIALIZED_AUTOS = YES_AGGRESSIVE;
				GCC_WARN_UNUSED_FUNCTION = YES;
				GCC_WARN_UNUSED_VARIABLE = YES;
				IPHONEOS_DEPLOYMENT_TARGET = 14.0;
				MTL_ENABLE_DEBUG_INFO = INCLUDE_SOURCE;
				MTL_FAST_MATH = YES;
				ONLY_ACTIVE_ARCH = YES;
				SDKROOT = iphoneos;
				SWIFT_ACTIVE_COMPILATION_CONDITIONS = DEBUG;
				SWIFT_OPTIMIZATION_LEVEL = "-Onone";
			};
			name = Debug;
		};
		9B0158A825A0CB1A003D3B7B /* Release */ = {
			isa = XCBuildConfiguration;
			buildSettings = {
				ALWAYS_SEARCH_USER_PATHS = NO;
				CLANG_ANALYZER_NONNULL = YES;
				CLANG_ANALYZER_NUMBER_OBJECT_CONVERSION = YES_AGGRESSIVE;
				CLANG_CXX_LANGUAGE_STANDARD = "gnu++14";
				CLANG_CXX_LIBRARY = "libc++";
				CLANG_ENABLE_MODULES = YES;
				CLANG_ENABLE_OBJC_ARC = YES;
				CLANG_ENABLE_OBJC_WEAK = YES;
				CLANG_WARN_BLOCK_CAPTURE_AUTORELEASING = YES;
				CLANG_WARN_BOOL_CONVERSION = YES;
				CLANG_WARN_COMMA = YES;
				CLANG_WARN_CONSTANT_CONVERSION = YES;
				CLANG_WARN_DEPRECATED_OBJC_IMPLEMENTATIONS = YES;
				CLANG_WARN_DIRECT_OBJC_ISA_USAGE = YES_ERROR;
				CLANG_WARN_DOCUMENTATION_COMMENTS = YES;
				CLANG_WARN_EMPTY_BODY = YES;
				CLANG_WARN_ENUM_CONVERSION = YES;
				CLANG_WARN_INFINITE_RECURSION = YES;
				CLANG_WARN_INT_CONVERSION = YES;
				CLANG_WARN_NON_LITERAL_NULL_CONVERSION = YES;
				CLANG_WARN_OBJC_IMPLICIT_RETAIN_SELF = YES;
				CLANG_WARN_OBJC_LITERAL_CONVERSION = YES;
				CLANG_WARN_OBJC_ROOT_CLASS = YES_ERROR;
				CLANG_WARN_QUOTED_INCLUDE_IN_FRAMEWORK_HEADER = YES;
				CLANG_WARN_RANGE_LOOP_ANALYSIS = YES;
				CLANG_WARN_STRICT_PROTOTYPES = YES;
				CLANG_WARN_SUSPICIOUS_MOVE = YES;
				CLANG_WARN_UNGUARDED_AVAILABILITY = YES_AGGRESSIVE;
				CLANG_WARN_UNREACHABLE_CODE = YES;
				CLANG_WARN__DUPLICATE_METHOD_MATCH = YES;
				COPY_PHASE_STRIP = NO;
				DEBUG_INFORMATION_FORMAT = "dwarf-with-dsym";
				ENABLE_NS_ASSERTIONS = NO;
				ENABLE_STRICT_OBJC_MSGSEND = YES;
				GCC_C_LANGUAGE_STANDARD = gnu11;
				GCC_NO_COMMON_BLOCKS = YES;
				GCC_WARN_64_TO_32_BIT_CONVERSION = YES;
				GCC_WARN_ABOUT_RETURN_TYPE = YES_ERROR;
				GCC_WARN_UNDECLARED_SELECTOR = YES;
				GCC_WARN_UNINITIALIZED_AUTOS = YES_AGGRESSIVE;
				GCC_WARN_UNUSED_FUNCTION = YES;
				GCC_WARN_UNUSED_VARIABLE = YES;
				IPHONEOS_DEPLOYMENT_TARGET = 14.0;
				MTL_ENABLE_DEBUG_INFO = NO;
				MTL_FAST_MATH = YES;
				SDKROOT = iphoneos;
				SWIFT_COMPILATION_MODE = wholemodule;
				SWIFT_OPTIMIZATION_LEVEL = "-O";
				VALIDATE_PRODUCT = YES;
			};
			name = Release;
		};
		9B0158AA25A0CB1A003D3B7B /* Debug */ = {
			isa = XCBuildConfiguration;
			baseConfigurationReference = DEDEEAC80DEAF97F6FF39C26 /* Pods-Plogging.debug.xcconfig */;
			buildSettings = {
				ASSETCATALOG_COMPILER_APPICON_NAME = AppIcon;
				ASSETCATALOG_COMPILER_GLOBAL_ACCENT_COLOR_NAME = AccentColor;
				CODE_SIGN_ENTITLEMENTS = Plogging/PloggingDebug.entitlements;
				CODE_SIGN_STYLE = Automatic;
				DEVELOPMENT_TEAM = H92U9KV5T2;
				INFOPLIST_FILE = "Plogging/Supporting Files/Info.plist";
				LD_RUNPATH_SEARCH_PATHS = (
					"$(inherited)",
					"@executable_path/Frameworks",
				);
				MARKETING_VERSION = 1.0.3;
				PRODUCT_BUNDLE_IDENTIFIER = com.plogging;
				PRODUCT_NAME = "$(TARGET_NAME)";
				SWIFT_VERSION = 5.0;
				TARGETED_DEVICE_FAMILY = 1;
			};
			name = Debug;
		};
		9B0158AB25A0CB1A003D3B7B /* Release */ = {
			isa = XCBuildConfiguration;
			baseConfigurationReference = 058AAAADA6D7E64EADC3F4D0 /* Pods-Plogging.release.xcconfig */;
			buildSettings = {
				ASSETCATALOG_COMPILER_APPICON_NAME = AppIcon;
				ASSETCATALOG_COMPILER_GLOBAL_ACCENT_COLOR_NAME = AccentColor;
				CODE_SIGN_ENTITLEMENTS = Plogging/PloggingRelease.entitlements;
				CODE_SIGN_IDENTITY = "Apple Development";
				CODE_SIGN_STYLE = Automatic;
				DEVELOPMENT_TEAM = "";
				INFOPLIST_FILE = "Plogging/Supporting Files/Info.plist";
				LD_RUNPATH_SEARCH_PATHS = (
					"$(inherited)",
					"@executable_path/Frameworks",
				);
				MARKETING_VERSION = 1.0.3;
				PRODUCT_BUNDLE_IDENTIFIER = com.plogging;
				PRODUCT_NAME = "$(TARGET_NAME)";
				PROVISIONING_PROFILE_SPECIFIER = "";
				SWIFT_VERSION = 5.0;
				TARGETED_DEVICE_FAMILY = 1;
			};
			name = Release;
		};
		9B0158AD25A0CB1A003D3B7B /* Debug */ = {
			isa = XCBuildConfiguration;
			baseConfigurationReference = F9F72661C993D638D6ACD8F4 /* Pods-PloggingTests.debug.xcconfig */;
			buildSettings = {
				ALWAYS_EMBED_SWIFT_STANDARD_LIBRARIES = YES;
				BUNDLE_LOADER = "$(TEST_HOST)";
				CODE_SIGN_STYLE = Automatic;
				INFOPLIST_FILE = PloggingTests/Info.plist;
				IPHONEOS_DEPLOYMENT_TARGET = 14.0;
				LD_RUNPATH_SEARCH_PATHS = (
					"$(inherited)",
					"@executable_path/Frameworks",
					"@loader_path/Frameworks",
				);
				PRODUCT_BUNDLE_IDENTIFIER = com.plogging.PloggingTests;
				PRODUCT_NAME = "$(TARGET_NAME)";
				SWIFT_VERSION = 5.0;
				TARGETED_DEVICE_FAMILY = "1,2";
				TEST_HOST = "$(BUILT_PRODUCTS_DIR)/Plogging.app/Plogging";
			};
			name = Debug;
		};
		9B0158AE25A0CB1A003D3B7B /* Release */ = {
			isa = XCBuildConfiguration;
			baseConfigurationReference = B30387023FB6701DA6D40B34 /* Pods-PloggingTests.release.xcconfig */;
			buildSettings = {
				ALWAYS_EMBED_SWIFT_STANDARD_LIBRARIES = YES;
				BUNDLE_LOADER = "$(TEST_HOST)";
				CODE_SIGN_STYLE = Automatic;
				DEVELOPMENT_TEAM = "";
				INFOPLIST_FILE = PloggingTests/Info.plist;
				IPHONEOS_DEPLOYMENT_TARGET = 14.0;
				LD_RUNPATH_SEARCH_PATHS = (
					"$(inherited)",
					"@executable_path/Frameworks",
					"@loader_path/Frameworks",
				);
				PRODUCT_BUNDLE_IDENTIFIER = com.plogging.PloggingTests;
				PRODUCT_NAME = "$(TARGET_NAME)";
				SWIFT_VERSION = 5.0;
				TARGETED_DEVICE_FAMILY = "1,2";
				TEST_HOST = "$(BUILT_PRODUCTS_DIR)/Plogging.app/Plogging";
			};
			name = Release;
		};
		9B0158B025A0CB1A003D3B7B /* Debug */ = {
			isa = XCBuildConfiguration;
			baseConfigurationReference = 2A0ABABA99B77BC2068FB18E /* Pods-Plogging-PloggingUITests.debug.xcconfig */;
			buildSettings = {
				ALWAYS_EMBED_SWIFT_STANDARD_LIBRARIES = YES;
				CODE_SIGN_STYLE = Automatic;
				INFOPLIST_FILE = PloggingUITests/Info.plist;
				LD_RUNPATH_SEARCH_PATHS = (
					"$(inherited)",
					"@executable_path/Frameworks",
					"@loader_path/Frameworks",
				);
				PRODUCT_BUNDLE_IDENTIFIER = com.plogging.PloggingUITests;
				PRODUCT_NAME = "$(TARGET_NAME)";
				SWIFT_VERSION = 5.0;
				TARGETED_DEVICE_FAMILY = "1,2";
				TEST_TARGET_NAME = Plogging;
			};
			name = Debug;
		};
		9B0158B125A0CB1A003D3B7B /* Release */ = {
			isa = XCBuildConfiguration;
			baseConfigurationReference = 1246B8379D611882CCB23B19 /* Pods-Plogging-PloggingUITests.release.xcconfig */;
			buildSettings = {
				ALWAYS_EMBED_SWIFT_STANDARD_LIBRARIES = YES;
				CODE_SIGN_STYLE = Automatic;
				INFOPLIST_FILE = PloggingUITests/Info.plist;
				LD_RUNPATH_SEARCH_PATHS = (
					"$(inherited)",
					"@executable_path/Frameworks",
					"@loader_path/Frameworks",
				);
				PRODUCT_BUNDLE_IDENTIFIER = com.plogging.PloggingUITests;
				PRODUCT_NAME = "$(TARGET_NAME)";
				SWIFT_VERSION = 5.0;
				TARGETED_DEVICE_FAMILY = "1,2";
				TEST_TARGET_NAME = Plogging;
			};
			name = Release;
		};
/* End XCBuildConfiguration section */

/* Begin XCConfigurationList section */
		9B01587A25A0CB15003D3B7B /* Build configuration list for PBXProject "Plogging" */ = {
			isa = XCConfigurationList;
			buildConfigurations = (
				9B0158A725A0CB1A003D3B7B /* Debug */,
				9B0158A825A0CB1A003D3B7B /* Release */,
			);
			defaultConfigurationIsVisible = 0;
			defaultConfigurationName = Release;
		};
		9B0158A925A0CB1A003D3B7B /* Build configuration list for PBXNativeTarget "Plogging" */ = {
			isa = XCConfigurationList;
			buildConfigurations = (
				9B0158AA25A0CB1A003D3B7B /* Debug */,
				9B0158AB25A0CB1A003D3B7B /* Release */,
			);
			defaultConfigurationIsVisible = 0;
			defaultConfigurationName = Release;
		};
		9B0158AC25A0CB1A003D3B7B /* Build configuration list for PBXNativeTarget "PloggingTests" */ = {
			isa = XCConfigurationList;
			buildConfigurations = (
				9B0158AD25A0CB1A003D3B7B /* Debug */,
				9B0158AE25A0CB1A003D3B7B /* Release */,
			);
			defaultConfigurationIsVisible = 0;
			defaultConfigurationName = Release;
		};
		9B0158AF25A0CB1A003D3B7B /* Build configuration list for PBXNativeTarget "PloggingUITests" */ = {
			isa = XCConfigurationList;
			buildConfigurations = (
				9B0158B025A0CB1A003D3B7B /* Debug */,
				9B0158B125A0CB1A003D3B7B /* Release */,
			);
			defaultConfigurationIsVisible = 0;
			defaultConfigurationName = Release;
		};
/* End XCConfigurationList section */

/* Begin XCVersionGroup section */
		3D51ACE379B1C576394FBFBD /* Backup.xcdatamodeld */ = {
			isa = XCVersionGroup;
			children = (
				3D51AC41DAC4C1BCD27E5054 /* Backup.xcdatamodel */,
			);
			currentVersion = 3D51AC41DAC4C1BCD27E5054 /* Backup.xcdatamodel */;
			path = Backup.xcdatamodeld;
			sourceTree = "<group>";
			versionGroupType = wrapper.xcdatamodel;
		};
/* End XCVersionGroup section */
	};
	rootObject = 9B01587725A0CB15003D3B7B /* Project object */;
}
